{
  "nodes": {
    "agenix": {
      "inputs": {
        "nixpkgs": [
          "nixpkgs"
        ]
      },
      "locked": {
        "lastModified": 1631896269,
        "narHash": "sha256-DAyCxJ8JacayOzGgGSfzrn7ghtsfL/EsCyk1NEUaAR8=",
        "owner": "ryantm",
        "repo": "agenix",
        "rev": "daf1d773989ac5d949aeef03fce0fe27e583dbca",
        "type": "github"
      },
      "original": {
        "owner": "ryantm",
        "repo": "agenix",
        "type": "github"
      }
    },
    "alacritty-src": {
      "flake": false,
      "locked": {
        "lastModified": 1632014494,
        "narHash": "sha256-+igExRH052ub64uaiqxa6rIrhHvcoRgjnpljwHwbgtg=",
        "owner": "alacritty",
        "repo": "alacritty",
        "rev": "58985a4dcbe464230b5d2566ee68e2d34a1788c8",
        "type": "github"
      },
      "original": {
        "owner": "alacritty",
        "repo": "alacritty",
        "type": "github"
      }
    },
    "bufferline": {
      "flake": false,
      "locked": {
        "lastModified": 1632223193,
        "narHash": "sha256-LlIK2dE6PlNTKONHCzpH/CL4ExBtql+n7v2FG6F3Jos=",
        "owner": "akinsho",
        "repo": "bufferline.nvim",
        "rev": "94211eac27c931f4458ce713fbe430b7cc82dea8",
        "type": "github"
      },
      "original": {
        "owner": "akinsho",
        "repo": "bufferline.nvim",
        "type": "github"
      }
    },
    "cachix": {
      "locked": {
        "lastModified": 1632639184,
        "narHash": "sha256-fRLxre+gPxIkjFVj17O68pyAWU1cxT20XFOiulIWzRw=",
        "owner": "nixos",
        "repo": "nixpkgs",
        "rev": "fd8a7fd07da0f3fc0e27575891f45c2f88e5dd44",
        "type": "github"
      },
      "original": {
        "owner": "nixos",
        "ref": "nixos-21.05",
        "repo": "nixpkgs",
        "type": "github"
      }
    },
    "clever-f": {
      "flake": false,
      "locked": {
        "lastModified": 1625658399,
        "narHash": "sha256-1iqRUdIECvPMez7AxieLAQB+rI2YOen89zdNs3dob5g=",
        "owner": "rhysd",
        "repo": "clever-f.vim",
        "rev": "fd370f27cca93918184a8043220cef1aa440a1fd",
        "type": "github"
      },
      "original": {
        "owner": "rhysd",
        "repo": "clever-f.vim",
        "type": "github"
      }
    },
    "cmp-buffer": {
      "flake": false,
      "locked": {
        "lastModified": 1630563990,
        "narHash": "sha256-lLP6gnuSN/tJiJ1sb2u6Xm5G2P59pz6tnOGDRfbivjk=",
        "owner": "hrsh7th",
        "repo": "cmp-buffer",
        "rev": "5dde5430757696be4169ad409210cf5088554ed6",
        "type": "github"
      },
      "original": {
        "owner": "hrsh7th",
        "repo": "cmp-buffer",
        "type": "github"
      }
    },
    "cmp-nvim-lsp": {
      "flake": false,
      "locked": {
        "lastModified": 1631847716,
        "narHash": "sha256-lmgj7xThs880JX7ae1ApjbE+rSrmSyfANzSYGIbOdnk=",
        "owner": "hrsh7th",
        "repo": "cmp-nvim-lsp",
        "rev": "246a41c55668d5f84afcd805ee73b6e419375ae0",
        "type": "github"
      },
      "original": {
        "owner": "hrsh7th",
        "repo": "cmp-nvim-lsp",
        "type": "github"
      }
    },
    "crate2nix": {
      "flake": false,
      "locked": {
        "lastModified": 1631874825,
        "narHash": "sha256-VvsIUwCKL+3+wWuN0GLMVlmVM8EUEIvjXvWXYmq6y0w=",
        "owner": "kolloch",
        "repo": "crate2nix",
        "rev": "27c980cf339a2d1e9256156b86f765364512f134",
        "type": "github"
      },
      "original": {
        "owner": "kolloch",
        "repo": "crate2nix",
        "type": "github"
      }
    },
    "emoji-fzf": {
      "inputs": {
        "crate2nix": "crate2nix",
        "flake-utils": "flake-utils",
        "nixpkgs": [
          "nixpkgs"
        ],
        "rust-overlay": "rust-overlay"
      },
      "locked": {
        "lastModified": 1632092944,
        "narHash": "sha256-lgkm0wq/s4qyn1UPJ5XUeJzoDEZvDNc0gHncf4nIUno=",
        "owner": "vkleen",
        "repo": "emoji-fzf",
        "rev": "78df64a6d06de48bc4af0ded780c88c21cc565e4",
        "type": "github"
      },
      "original": {
        "owner": "vkleen",
        "repo": "emoji-fzf",
        "type": "github"
      }
    },
    "flake-compat": {
      "flake": false,
      "locked": {
        "lastModified": 1627913399,
        "narHash": "sha256-hY8g6H2KFL8ownSiFeMOjwPC8P0ueXpCVEbxgda3pko=",
        "owner": "edolstra",
        "repo": "flake-compat",
        "rev": "12c64ca55c1014cdc1b16ed5a804aa8576601ff2",
        "type": "github"
      },
      "original": {
        "owner": "edolstra",
        "repo": "flake-compat",
        "type": "github"
      }
    },
    "flake-utils": {
      "locked": {
        "lastModified": 1631561581,
        "narHash": "sha256-3VQMV5zvxaVLvqqUrNz3iJelLw30mIVSfZmAaauM3dA=",
        "owner": "numtide",
        "repo": "flake-utils",
        "rev": "7e5bf3925f6fbdfaf50a2a7ca0be2879c4261d19",
        "type": "github"
      },
      "original": {
        "owner": "numtide",
        "repo": "flake-utils",
        "type": "github"
      }
    },
    "flake-utils_2": {
      "locked": {
        "lastModified": 1623875721,
        "narHash": "sha256-A8BU7bjS5GirpAUv4QA+QnJ4CceLHkcXdRp4xITDB0s=",
        "owner": "numtide",
        "repo": "flake-utils",
        "rev": "f7e004a55b120c02ecb6219596820fcd32ca8772",
        "type": "github"
      },
      "original": {
        "owner": "numtide",
        "repo": "flake-utils",
        "type": "github"
      }
    },
    "flake-utils_3": {
      "locked": {
        "lastModified": 1629481132,
        "narHash": "sha256-JHgasjPR0/J1J3DRm4KxM4zTyAj4IOJY8vIl75v/kPI=",
        "owner": "numtide",
        "repo": "flake-utils",
        "rev": "997f7efcb746a9c140ce1f13c72263189225f482",
        "type": "github"
      },
      "original": {
        "owner": "numtide",
        "repo": "flake-utils",
        "type": "github"
      }
    },
    "freecad-assembly3-src": {
      "flake": false,
      "locked": {
        "lastModified": 1632447001,
        "narHash": "sha256-LhZ72ARTE7XmZ0uw1QFsi07qXKCXnjqh0ojM4nb1PpI=",
        "owner": "realthunder",
        "repo": "FreeCAD_assembly3",
        "rev": "b2882fea8fa9fcd0b1afa00bf0f5b592a7300d8b",
        "type": "github"
      },
      "original": {
        "owner": "realthunder",
        "repo": "FreeCAD_assembly3",
        "type": "github"
      }
    },
    "freecad-src": {
      "flake": false,
      "locked": {
        "lastModified": 1632447985,
        "narHash": "sha256-iMneYlC425SU1Bi1MZQI5vmjL5nq3uSM4DJBZ2kaPKg=",
        "owner": "realthunder",
        "repo": "FreeCAD",
        "rev": "43b2b5639bb1c320b71a8a6a040bed3d051edbb9",
        "type": "github"
      },
      "original": {
        "owner": "realthunder",
        "repo": "FreeCAD",
        "type": "github"
      }
    },
    "fterm": {
      "flake": false,
      "locked": {
        "lastModified": 1632121365,
        "narHash": "sha256-gI4CRp32XFznJOnbOiPlpasH27PelgVHALL8cHptqC4=",
        "owner": "numtostr",
        "repo": "FTerm.nvim",
        "rev": "55e091d0d1240e221f3a690d52ae1d695539d899",
        "type": "github"
      },
      "original": {
        "owner": "numtostr",
        "repo": "FTerm.nvim",
        "type": "github"
      }
    },
    "gitsigns": {
      "flake": false,
      "locked": {
        "lastModified": 1632520926,
        "narHash": "sha256-B1/slnHGX2rNUrBW2ttGiCQZZP1FktazdhUTX56q/DE=",
        "owner": "lewis6991",
        "repo": "gitsigns.nvim",
        "rev": "6d5c4a19e73f9fc969ccaaa0ae48ea9646c97f9b",
        "type": "github"
      },
      "original": {
        "owner": "lewis6991",
        "repo": "gitsigns.nvim",
        "type": "github"
      }
    },
    "hledger-src": {
      "flake": false,
      "locked": {
        "lastModified": 1626038664,
        "narHash": "sha256-8hz/P52DsBU+W9YojpF4NG7o+iQ3KO7+3oK0bvNr8kk=",
        "owner": "vkleen",
        "repo": "hledger",
        "rev": "fb5b43dfb8ae8cf82b85291177f34a99e7a46edb",
        "type": "github"
      },
      "original": {
        "owner": "vkleen",
        "repo": "hledger",
        "type": "github"
      }
    },
    "home-manager": {
      "inputs": {
        "nixpkgs": [
          "nixpkgs"
        ]
      },
      "locked": {
        "lastModified": 1632431340,
        "narHash": "sha256-9xUnx5aeDp8Irg2/rWBKn3AjiiQTtsjTX0UshzMXy94=",
        "owner": "nix-community",
        "repo": "home-manager",
        "rev": "b0651cc2173427857b172604f85da6afe69e1d41",
        "type": "github"
      },
      "original": {
        "owner": "nix-community",
        "repo": "home-manager",
        "type": "github"
      }
    },
    "kicad-src": {
      "flake": false,
      "locked": {
        "lastModified": 1632516646,
        "narHash": "sha256-9tr0rX6GBvTzCNQrcH1uflg3ENofLjVMLHjsbA1T3/8=",
        "ref": "master",
        "rev": "acfd16739fc451ca30287995d98a57beac82b3c8",
        "revCount": 29263,
        "type": "git",
        "url": "https://gitlab.com/kicad/code/kicad.git"
      },
      "original": {
        "type": "git",
        "url": "https://gitlab.com/kicad/code/kicad.git"
      }
    },
    "lowdown-src": {
      "flake": false,
      "locked": {
        "lastModified": 1628247802,
        "narHash": "sha256-4XSXGYvKqogR7bubyqYNwBHYCtrIn6XRGXj6+u+BXNs=",
        "owner": "kristapsdz",
        "repo": "lowdown",
        "rev": "b4483d0ef85990f54b864158ab786b4a5b3904fa",
        "type": "github"
      },
      "original": {
        "owner": "kristapsdz",
        "ref": "VERSION_0_8_6",
        "repo": "lowdown",
        "type": "github"
      }
    },
    "lowdown-src_2": {
      "flake": false,
      "locked": {
        "lastModified": 1628247802,
        "narHash": "sha256-4XSXGYvKqogR7bubyqYNwBHYCtrIn6XRGXj6+u+BXNs=",
        "owner": "kristapsdz",
        "repo": "lowdown",
        "rev": "b4483d0ef85990f54b864158ab786b4a5b3904fa",
        "type": "github"
      },
      "original": {
        "owner": "kristapsdz",
        "ref": "VERSION_0_8_6",
        "repo": "lowdown",
        "type": "github"
      }
    },
    "lowdown-src_3": {
      "flake": false,
      "locked": {
        "lastModified": 1628247802,
        "narHash": "sha256-4XSXGYvKqogR7bubyqYNwBHYCtrIn6XRGXj6+u+BXNs=",
        "owner": "kristapsdz",
        "repo": "lowdown",
        "rev": "b4483d0ef85990f54b864158ab786b4a5b3904fa",
        "type": "github"
      },
      "original": {
        "owner": "kristapsdz",
        "ref": "VERSION_0_8_6",
        "repo": "lowdown",
        "type": "github"
      }
    },
    "lualine": {
      "flake": false,
      "locked": {
        "lastModified": 1622138007,
        "narHash": "sha256-0s+NWjRkDegPWfNdEBtJRbpxnzG4HY5Jk31yvS7Yqz4=",
        "owner": "hoob3rt",
        "repo": "lualine.nvim",
        "rev": "9726824f1dcc8907632bc7c32f9882f26340f815",
        "type": "github"
      },
      "original": {
        "owner": "hoob3rt",
        "repo": "lualine.nvim",
        "type": "github"
      }
    },
    "neovide-src": {
      "flake": false,
      "locked": {
        "lastModified": 1632459271,
        "narHash": "sha256-EDyuz+96Xh+UYt71dTollb4QQkPupw4CkBDrVeFtEjM=",
        "owner": "Kethku",
        "repo": "neovide",
        "rev": "fb9c1de74768899333f01436c86c3909dc9fbd78",
        "type": "github"
      },
      "original": {
        "owner": "Kethku",
        "repo": "neovide",
        "type": "github"
      }
    },
    "neovim-flake": {
      "inputs": {
        "flake-utils": "flake-utils_3",
        "nixpkgs": [
          "nixpkgs"
        ]
      },
      "locked": {
        "dir": "contrib",
        "lastModified": 1632502776,
        "narHash": "sha256-Qd9ukz/nL22GMZLdvZfmS8QXTx1KghzQpHJQKnSpMpw=",
        "owner": "neovim",
        "repo": "neovim",
        "rev": "7cb34a341db72699798fbefe49e2ed6d9aa84cb1",
        "type": "github"
      },
      "original": {
        "dir": "contrib",
        "owner": "neovim",
        "repo": "neovim",
        "type": "github"
      }
    },
    "neovim-nightly": {
      "inputs": {
        "flake-compat": "flake-compat",
        "neovim-flake": [
          "neovim-flake"
        ],
        "nixpkgs": [
          "nixpkgs"
        ]
      },
      "locked": {
        "lastModified": 1632471179,
        "narHash": "sha256-XHYRVKt+tQxcVv9KmM/7JK6KOhU/KlyrDhFxVXDfiAE=",
        "owner": "nix-community",
        "repo": "neovim-nightly-overlay",
        "rev": "5c16bf28d8b4115cdcb9bf415272d5f76a2951a4",
        "type": "github"
      },
      "original": {
        "owner": "nix-community",
        "repo": "neovim-nightly-overlay",
        "type": "github"
      }
    },
    "nix": {
      "inputs": {
        "lowdown-src": "lowdown-src",
        "nixpkgs": [
          "nixpkgs"
        ]
      },
      "locked": {
        "lastModified": 1632496624,
        "narHash": "sha256-jd3MRDYlVRkgdCjohD5wFf/2lF+/z3jhoPRW5nPwqCg=",
        "owner": "NixOS",
        "repo": "nix",
        "rev": "a0bb5c4130268edbd368a4a07d4a30f1064e9c86",
        "type": "github"
      },
      "original": {
        "owner": "NixOS",
        "repo": "nix",
        "type": "github"
      }
    },
    "nix-power9": {
      "inputs": {
        "lowdown-src": "lowdown-src_2",
        "nixpkgs": [
          "nixpkgs-power9"
        ]
      },
      "locked": {
        "lastModified": 1632496624,
        "narHash": "sha256-jd3MRDYlVRkgdCjohD5wFf/2lF+/z3jhoPRW5nPwqCg=",
        "owner": "NixOS",
        "repo": "nix",
        "rev": "a0bb5c4130268edbd368a4a07d4a30f1064e9c86",
        "type": "github"
      },
      "original": {
        "owner": "NixOS",
        "repo": "nix",
        "type": "github"
      }
    },
    "nix-riscv": {
      "inputs": {
        "lowdown-src": "lowdown-src_3",
        "nixpkgs": [
          "nixpkgs-riscv"
        ]
      },
      "locked": {
        "lastModified": 1632496624,
        "narHash": "sha256-jd3MRDYlVRkgdCjohD5wFf/2lF+/z3jhoPRW5nPwqCg=",
        "owner": "NixOS",
        "repo": "nix",
        "rev": "a0bb5c4130268edbd368a4a07d4a30f1064e9c86",
        "type": "github"
      },
      "original": {
        "owner": "NixOS",
        "repo": "nix",
        "type": "github"
      }
    },
    "nixos-rocm-power9": {
      "flake": false,
      "locked": {
        "lastModified": 1628889976,
        "narHash": "sha256-gI6cKQzUxerV5XZLcLUsfz9ipZsnfSLQ52c1cZnyHss=",
        "owner": "vkleen",
        "repo": "nixos-rocm",
        "rev": "513e16acba4e3e1695761ce902f4487fcf4278cf",
        "type": "github"
      },
      "original": {
        "owner": "vkleen",
        "repo": "nixos-rocm",
        "type": "github"
      }
    },
    "nixpkgs": {
      "locked": {
        "lastModified": 1632526070,
        "narHash": "sha256-a1rM+kXsTLYWdOjq/iMUXjRrksun8fytpAuPW8w2GxE=",
        "owner": "vkleen",
        "repo": "nixpkgs",
        "rev": "5aca5e5d8765a55efa579f0451ce74e01d6a9427",
        "type": "github"
      },
      "original": {
        "owner": "vkleen",
        "ref": "local",
        "repo": "nixpkgs",
        "type": "github"
      }
    },
    "nixpkgs-power9": {
      "locked": {
        "lastModified": 1632424316,
        "narHash": "sha256-2LKdH/kZmX4//8KP7eH7Mr0X9ouN3Jnd/Z9wxOk2rdo=",
        "owner": "vkleen",
        "repo": "nixpkgs",
        "rev": "8016df8c14558a9cbb2e1ce79906ffcb210c672e",
        "type": "github"
      },
      "original": {
        "owner": "vkleen",
        "ref": "local-power9",
        "repo": "nixpkgs",
        "type": "github"
      }
    },
    "nixpkgs-riscv": {
      "locked": {
        "lastModified": 1624210200,
        "narHash": "sha256-UYnqJruJDhKoE+9vyi7WiPXnvDQUvASL5uBXEvrxz+M=",
        "owner": "vkleen",
        "repo": "nixpkgs",
        "rev": "41c0dda43a07e045cb9154c7f31d9a8e498a9007",
        "type": "github"
      },
      "original": {
        "owner": "vkleen",
        "ref": "local-riscv",
        "repo": "nixpkgs",
        "type": "github"
      }
    },
    "nixpkgs-wayland": {
      "inputs": {
        "cachix": "cachix",
        "nixpkgs": [
          "nixpkgs"
        ]
      },
      "locked": {
        "lastModified": 1632842678,
        "narHash": "sha256-f2I0rIpwJ8TPd2kDgFElqvwUpasWT1YPcSplZhWYZtU=",
        "owner": "nix-community",
        "repo": "nixpkgs-wayland",
        "rev": "a84dc694e58ec69ab4dd48cd868c233490359b29",
        "type": "github"
      },
      "original": {
        "owner": "nix-community",
        "repo": "nixpkgs-wayland",
        "type": "github"
      }
    },
    "nvim-cmp": {
      "flake": false,
      "locked": {
        "lastModified": 1632468928,
        "narHash": "sha256-NmJ5oFj91eAVAUcSdC2HcMETsexCztkLupwO1sIuFFM=",
        "owner": "hrsh7th",
        "repo": "nvim-cmp",
        "rev": "cc21a61910b89422122cc0c67a8265247bd0db6a",
        "type": "github"
      },
      "original": {
        "owner": "hrsh7th",
        "repo": "nvim-cmp",
        "type": "github"
      }
    },
    "nvim-colorizer": {
      "flake": false,
      "locked": {
        "lastModified": 1591879145,
        "narHash": "sha256-6YrnItxExL2C8pNIdLd+hXCjsB2MbZANwWkah6dreD8=",
        "owner": "norcalli",
        "repo": "nvim-colorizer.lua",
        "rev": "36c610a9717cc9ec426a07c8e6bf3b3abcb139d6",
        "type": "github"
      },
      "original": {
        "owner": "norcalli",
        "repo": "nvim-colorizer.lua",
        "type": "github"
      }
    },
    "nvim-lspconfig": {
      "flake": false,
      "locked": {
        "lastModified": 1632390962,
        "narHash": "sha256-Kb7X6+67izOfsgS6PRWYNG6lYYupWgEkQ3/qZXGcNnA=",
        "owner": "neovim",
        "repo": "nvim-lspconfig",
        "rev": "9ca394ec3a9305a6c30018ee6f731c9b23a4b25e",
        "type": "github"
      },
      "original": {
        "owner": "neovim",
        "repo": "nvim-lspconfig",
        "type": "github"
      }
    },
    "nvim-selenized": {
      "flake": false,
      "locked": {
        "lastModified": 1588775306,
        "narHash": "sha256-r+MLxpT91YN2FCqUqhE8oSztlb4ZAdz6P98cLeF0th4=",
        "owner": "jan-warchol",
        "repo": "selenized",
        "rev": "e93e0d9fb47c7485f18fa16f9bdb70c2ee7fb5db",
        "type": "github"
      },
      "original": {
        "owner": "jan-warchol",
        "repo": "selenized",
        "type": "github"
      }
    },
    "nvim-treesitter-context": {
      "flake": false,
      "locked": {
        "lastModified": 1628396414,
        "narHash": "sha256-FMZe7y2kxG3gy3j/ptyv8xa5ANtGfYpEQTVFa5FV5Mo=",
        "owner": "romgrk",
        "repo": "nvim-treesitter-context",
        "rev": "9c71ace8af7bfbfef3beb25c648c8d41f72bd09a",
        "type": "github"
      },
      "original": {
        "owner": "romgrk",
        "repo": "nvim-treesitter-context",
        "type": "github"
      }
    },
    "nvim-ts-rainbow": {
      "flake": false,
      "locked": {
        "lastModified": 1631094019,
        "narHash": "sha256-tPLOrZSKzyfeHT1y9yivp+iRs8RzR9jD6bE1QIry8as=",
        "owner": "p00f",
        "repo": "nvim-ts-rainbow",
        "rev": "2f39c594a8d110bd4fcb75288a7d03cb93c81ea2",
        "type": "github"
      },
      "original": {
        "owner": "p00f",
        "repo": "nvim-ts-rainbow",
        "type": "github"
      }
    },
    "plenary-nvim": {
      "flake": false,
      "locked": {
        "lastModified": 1631619876,
        "narHash": "sha256-ghIA/vGmwrZNCL0c0S1wscpwEb/IpvrBPls+y+XFc4Y=",
        "owner": "vkleen",
        "repo": "plenary.nvim",
        "rev": "66ec0e482abff02a6b57c8e345048de8c5a0b1c0",
        "type": "github"
      },
      "original": {
        "owner": "vkleen",
        "repo": "plenary.nvim",
        "type": "github"
      }
    },
    "rmfakecloud-src": {
      "flake": false,
      "locked": {
        "lastModified": 1633615144,
        "narHash": "sha256-9+3uoH7Zvf+EO+HQV+++lcQ/LzyMKdxfN2NKKf/z53s=",
        "owner": "ddvk",
        "repo": "rmfakecloud",
        "rev": "4b985f68d01310ae35a111f33131fa1a193e62bc",
        "type": "github"
      },
      "original": {
        "owner": "ddvk",
        "repo": "rmfakecloud",
        "type": "github"
      }
    },
    "root": {
      "inputs": {
        "agenix": "agenix",
        "alacritty-src": "alacritty-src",
        "bufferline": "bufferline",
        "clever-f": "clever-f",
        "cmp-buffer": "cmp-buffer",
        "cmp-nvim-lsp": "cmp-nvim-lsp",
        "emoji-fzf": "emoji-fzf",
        "freecad-assembly3-src": "freecad-assembly3-src",
        "freecad-src": "freecad-src",
        "fterm": "fterm",
        "gitsigns": "gitsigns",
        "hledger-src": "hledger-src",
        "home-manager": "home-manager",
        "kicad-src": "kicad-src",
        "lualine": "lualine",
        "neovide-src": "neovide-src",
        "neovim-flake": "neovim-flake",
        "neovim-nightly": "neovim-nightly",
        "nix": "nix",
        "nix-power9": "nix-power9",
        "nix-riscv": "nix-riscv",
        "nixos-rocm-power9": "nixos-rocm-power9",
        "nixpkgs": "nixpkgs",
        "nixpkgs-power9": "nixpkgs-power9",
        "nixpkgs-riscv": "nixpkgs-riscv",
        "nixpkgs-wayland": "nixpkgs-wayland",
        "nvim-cmp": "nvim-cmp",
        "nvim-colorizer": "nvim-colorizer",
        "nvim-lspconfig": "nvim-lspconfig",
        "nvim-selenized": "nvim-selenized",
        "nvim-treesitter-context": "nvim-treesitter-context",
        "nvim-ts-rainbow": "nvim-ts-rainbow",
        "plenary-nvim": "plenary-nvim",
        "rmfakecloud-src": "rmfakecloud-src",
        "rust-tools": "rust-tools",
        "telescope-ghq": "telescope-ghq",
        "telescope-lsp-handlers": "telescope-lsp-handlers",
        "telescope-zoxide": "telescope-zoxide",
        "vim-vsnip": "vim-vsnip",
        "vim-vsnip-integ": "vim-vsnip-integ"
      }
    },
    "rust-overlay": {
      "inputs": {
        "flake-utils": "flake-utils_2",
        "nixpkgs": [
          "emoji-fzf",
          "nixpkgs"
        ]
      },
      "locked": {
        "lastModified": 1632017785,
        "narHash": "sha256-FfH9XZYjm8G2CUzXjZjp6+uPyxXm1gpSpkO38pEXmBY=",
        "owner": "oxalica",
        "repo": "rust-overlay",
        "rev": "f72d85edf34b3ca7a07d6fe6c1ac97c31aed28ed",
        "type": "github"
      },
      "original": {
        "owner": "oxalica",
        "repo": "rust-overlay",
        "type": "github"
      }
    },
    "rust-tools": {
      "flake": false,
      "locked": {
        "lastModified": 1632269878,
        "narHash": "sha256-LucGKe4kgv5i155x+A1OvdUS/+emvj+/z66yjPrFkzs=",
        "owner": "simrat39",
        "repo": "rust-tools.nvim",
        "rev": "eb6ac6ca69ec76fb5fde75d421022f6fd474629f",
        "type": "github"
      },
      "original": {
        "owner": "simrat39",
        "repo": "rust-tools.nvim",
        "type": "github"
      }
    },
    "telescope-ghq": {
      "flake": false,
      "locked": {
        "lastModified": 1628748504,
        "narHash": "sha256-+W803SG235oUBUS/ZyP28EVDurrexx4m1yE9zlsQHfw=",
        "owner": "nvim-telescope",
        "repo": "telescope-ghq.nvim",
        "rev": "8db244827ebd6c8b241e6cdf0a35ed5bdb05d4ab",
        "type": "github"
      },
      "original": {
        "owner": "nvim-telescope",
        "repo": "telescope-ghq.nvim",
        "type": "github"
      }
    },
    "telescope-lsp-handlers": {
      "flake": false,
      "locked": {
        "lastModified": 1631051048,
        "narHash": "sha256-y3Sx/kiEs1uERjuP2uUQJCScCEgIao0lq5wNFiStofQ=",
        "owner": "gbrlsnchs",
        "repo": "telescope-lsp-handlers.nvim",
        "rev": "d6d5983b0131ee2c386ca9e349f6621e12d971cb",
        "type": "github"
      },
      "original": {
        "owner": "gbrlsnchs",
        "repo": "telescope-lsp-handlers.nvim",
        "type": "github"
      }
    },
    "telescope-zoxide": {
      "flake": false,
      "locked": {
        "lastModified": 1626433235,
        "narHash": "sha256-0VMoOc3Crzga/4ogeimDv2wPvvybLV1Z9MD0B3+YPk8=",
        "owner": "jvgrootveld",
        "repo": "telescope-zoxide",
        "rev": "3af40dfd2d01d2bcb7fdc68364b7d67716c6c99c",
        "type": "github"
      },
      "original": {
        "owner": "jvgrootveld",
        "repo": "telescope-zoxide",
        "type": "github"
      }
    },
    "vim-vsnip": {
      "flake": false,
      "locked": {
        "lastModified": 1631603490,
        "narHash": "sha256-zgGh5rVg9cYG8q9d33kBSvtes41LhP+g/9ofeh1DiFQ=",
        "owner": "hrsh7th",
        "repo": "vim-vsnip",
        "rev": "9ac8044206d32bea4dba34e77b6a3b7b87f65df6",
        "type": "github"
      },
      "original": {
        "owner": "hrsh7th",
        "repo": "vim-vsnip",
        "type": "github"
      }
    },
    "vim-vsnip-integ": {
      "flake": false,
      "locked": {
        "lastModified": 1632046755,
        "narHash": "sha256-bMazz39eTv2e2HhTAfZZbYwD4VujMJJIeIdtVZNj+nI=",
        "owner": "hrsh7th",
        "repo": "vim-vsnip-integ",
        "rev": "21c77665bd9d57416be2b6d11378347e163cfaa4",
        "type": "github"
      },
      "original": {
        "owner": "hrsh7th",
        "repo": "vim-vsnip-integ",
        "type": "github"
      }
    }
  },
  "root": "root",
  "version": 7
}
