{
  "nodes": {
    "flake-compat": {
      "flake": false,
      "locked": {
        "lastModified": 1641205782,
        "narHash": "sha256-4jY7RCWUoZ9cKD8co0/4tFARpWB+57+r1bLLvXNJliY=",
        "owner": "edolstra",
        "repo": "flake-compat",
        "rev": "b7547d3eed6f32d06102ead8991ec52ab0a4f1a7",
        "type": "github"
      },
      "original": {
        "owner": "edolstra",
        "repo": "flake-compat",
        "type": "github"
      }
    },
    "flake-utils": {
      "locked": {
        "lastModified": 1644229661,
        "narHash": "sha256-1YdnJAsNy69bpcjuoKdOYQX0YxZBiCYZo4Twxerqv7k=",
        "owner": "numtide",
        "repo": "flake-utils",
        "rev": "3cecb5b042f7f209c56ffd8371b2711a290ec797",
        "type": "github"
      },
      "original": {
        "owner": "numtide",
        "repo": "flake-utils",
        "type": "github"
      }
    },
    "macname": {
      "inputs": {
        "nixpkgs": "nixpkgs_2"
      },
      "locked": {
        "narHash": "sha256-GqdRiAUIbQ94pHvMUmIKpIL2rOUUWKFfTTo80bWpWkU=",
        "path": "/nix/store/fpiq6w93v5xf5903nhqqrj0z705p123g-source",
        "type": "path"
      },
      "original": {
        "id": "macname",
        "type": "indirect"
      }
    },
    "neovim-flake": {
      "inputs": {
        "flake-utils": "flake-utils",
        "nixpkgs": [
          "nixpkgs"
        ]
      },
      "locked": {
        "dir": "contrib",
        "lastModified": 1646756831,
        "narHash": "sha256-FwemRAGShQIslVoe92e15BjTtWo/BJgwg0XOKu3yonQ=",
        "owner": "neovim",
        "repo": "neovim",
        "rev": "4f007a7f651ccd052f299000b49b9a389f713725",
        "type": "github"
      },
      "original": {
        "dir": "contrib",
        "owner": "neovim",
        "repo": "neovim",
        "type": "github"
      }
    },
    "neovim-nightly": {
      "inputs": {
        "flake-compat": "flake-compat",
        "neovim-flake": [
          "neovim-flake"
        ],
        "nixpkgs": [
          "nixpkgs"
        ]
      },
      "locked": {
        "lastModified": 1646727299,
        "narHash": "sha256-i18vMn+iXvPRAxPb96lEuEVkrQ75qKEZZomfo67JRJI=",
        "owner": "nix-community",
        "repo": "neovim-nightly-overlay",
        "rev": "c26d33c2fbcf5f689a2592b2353f4f8765eea1da",
        "type": "github"
      },
      "original": {
        "owner": "nix-community",
        "repo": "neovim-nightly-overlay",
        "type": "github"
      }
    },
    "nixpkgs": {
      "locked": {
        "lastModified": 1646763771,
        "narHash": "sha256-X25vWuVrDTIyu5ESHf5vZ5nWV1gIGeR7S7gw3/skGsw=",
        "owner": "NixOS",
        "repo": "nixpkgs",
        "rev": "e3a73aed432da016f57230ac977cf515525e6cc5",
        "type": "github"
      },
      "original": {
        "owner": "NixOS",
        "repo": "nixpkgs",
        "type": "github"
      }
    },
    "nixpkgs_2": {
      "locked": {
        "narHash": "sha256-40WFADLOq4UhpSp9a6xlajxCLhktL16Ao1r3mFEjEc0=",
        "path": "/nix/store/9kpg95k9x3mi6m3hqk0yhjxs8v7q009w-source",
        "type": "path"
      },
      "original": {
        "id": "nixpkgs",
        "type": "indirect"
      }
    },
    "plugins": {
      "inputs": {
        "neovim-flake": [
          "neovim-flake"
        ],
        "nixpkgs": [
          "nixpkgs"
        ],
        "utils": [
          "utils"
        ],
        "vimplugin-aerial-nvim": "vimplugin-aerial-nvim",
        "vimplugin-bufferline": "vimplugin-bufferline",
        "vimplugin-clever-f": "vimplugin-clever-f",
        "vimplugin-cmp-buffer": "vimplugin-cmp-buffer",
        "vimplugin-cmp-cmdline": "vimplugin-cmp-cmdline",
        "vimplugin-cmp-nvim-lsp": "vimplugin-cmp-nvim-lsp",
        "vimplugin-cmp-nvim-lua": "vimplugin-cmp-nvim-lua",
        "vimplugin-cmp-path": "vimplugin-cmp-path",
        "vimplugin-cmp_luasnip": "vimplugin-cmp_luasnip",
        "vimplugin-crates-nvim": "vimplugin-crates-nvim",
        "vimplugin-direnv-vim": "vimplugin-direnv-vim",
        "vimplugin-friendly-snippets": "vimplugin-friendly-snippets",
        "vimplugin-fterm": "vimplugin-fterm",
        "vimplugin-fzf-vim": "vimplugin-fzf-vim",
        "vimplugin-gitsigns-nvim": "vimplugin-gitsigns-nvim",
        "vimplugin-indent-blankline": "vimplugin-indent-blankline",
        "vimplugin-lightspeed-nvim": "vimplugin-lightspeed-nvim",
        "vimplugin-lsp-colors-nvim": "vimplugin-lsp-colors-nvim",
        "vimplugin-lsp_signature": "vimplugin-lsp_signature",
        "vimplugin-lspkind-nvim": "vimplugin-lspkind-nvim",
        "vimplugin-lspsaga-nvim": "vimplugin-lspsaga-nvim",
        "vimplugin-lualine": "vimplugin-lualine",
        "vimplugin-luasnip": "vimplugin-luasnip",
        "vimplugin-neorg": "vimplugin-neorg",
        "vimplugin-nerdcommenter": "vimplugin-nerdcommenter",
        "vimplugin-nftables": "vimplugin-nftables",
        "vimplugin-null-ls-nvim": "vimplugin-null-ls-nvim",
        "vimplugin-numb-nvim": "vimplugin-numb-nvim",
        "vimplugin-nvim-autopairs": "vimplugin-nvim-autopairs",
        "vimplugin-nvim-cmp": "vimplugin-nvim-cmp",
        "vimplugin-nvim-colorizer": "vimplugin-nvim-colorizer",
        "vimplugin-nvim-dap": "vimplugin-nvim-dap",
        "vimplugin-nvim-dap-ui": "vimplugin-nvim-dap-ui",
        "vimplugin-nvim-hlslens": "vimplugin-nvim-hlslens",
        "vimplugin-nvim-lspconfig": "vimplugin-nvim-lspconfig",
        "vimplugin-nvim-notify": "vimplugin-nvim-notify",
        "vimplugin-nvim-scrollbar": "vimplugin-nvim-scrollbar",
        "vimplugin-nvim-tree": "vimplugin-nvim-tree",
        "vimplugin-nvim-treesitter": "vimplugin-nvim-treesitter",
        "vimplugin-nvim-treesitter-context": "vimplugin-nvim-treesitter-context",
        "vimplugin-nvim-ts-rainbow": "vimplugin-nvim-ts-rainbow",
        "vimplugin-nvim-web-devicons": "vimplugin-nvim-web-devicons",
        "vimplugin-plenary-nvim": "vimplugin-plenary-nvim",
        "vimplugin-popup-nvim": "vimplugin-popup-nvim",
        "vimplugin-rust-tools": "vimplugin-rust-tools",
        "vimplugin-telescope-dap-nvim": "vimplugin-telescope-dap-nvim",
        "vimplugin-telescope-fzf-nvim": "vimplugin-telescope-fzf-nvim",
        "vimplugin-telescope-ghq": "vimplugin-telescope-ghq",
        "vimplugin-telescope-lsp-handlers": "vimplugin-telescope-lsp-handlers",
        "vimplugin-telescope-nvim": "vimplugin-telescope-nvim",
        "vimplugin-telescope-zoxide": "vimplugin-telescope-zoxide",
        "vimplugin-trouble-nvim": "vimplugin-trouble-nvim",
        "vimplugin-vim-vsnip": "vimplugin-vim-vsnip",
        "vimplugin-vim-vsnip-integ": "vimplugin-vim-vsnip-integ",
        "vimplugin-which-key-nvim": "vimplugin-which-key-nvim"
      },
      "locked": {
        "narHash": "sha256-McpsL684hic/ZWnEseoGDrNYvH6zqVVdbIu9FMuVOi8=",
        "path": "./plugins",
        "type": "path"
      },
      "original": {
        "path": "./plugins",
        "type": "path"
      }
    },
    "root": {
      "inputs": {
        "neovim-flake": "neovim-flake",
        "neovim-nightly": "neovim-nightly",
        "nixpkgs": "nixpkgs",
        "plugins": "plugins",
        "utils": "utils"
      }
    },
    "utils": {
      "inputs": {
        "macname": "macname",
        "nixpkgs": [
          "nixpkgs"
        ]
      },
      "locked": {
        "narHash": "sha256-bnAOw+XtBWe1I0vrW+5n5bihphXcszgkZYixOgNPJIM=",
        "path": "../utils",
        "type": "path"
      },
      "original": {
        "path": "../utils",
        "type": "path"
      }
    },
    "vimplugin-aerial-nvim": {
      "flake": false,
      "locked": {
        "lastModified": 1646416612,
        "narHash": "sha256-AJaj5VfL5myeO58/7WQpfTKNuwkukjYrYSOhB+QGeZw=",
        "owner": "stevearc",
        "repo": "aerial.nvim",
        "rev": "d864b463bca824ebbdf2b17a0ac046955c007b2b",
        "type": "github"
      },
      "original": {
        "owner": "stevearc",
        "repo": "aerial.nvim",
        "type": "github"
      }
    },
    "vimplugin-bufferline": {
      "flake": false,
      "locked": {
        "lastModified": 1645739918,
        "narHash": "sha256-NDR5O0+Gxsml9XF6g4pPFlTwYay/1eHEmCaaQM0bgfc=",
        "owner": "akinsho",
        "repo": "bufferline.nvim",
        "rev": "871495d9e2dbe3314a421fd2d5e46f47de7ee537",
        "type": "github"
      },
      "original": {
        "owner": "akinsho",
        "repo": "bufferline.nvim",
        "type": "github"
      }
    },
    "vimplugin-clever-f": {
      "flake": false,
      "locked": {
        "lastModified": 1625658399,
        "narHash": "sha256-1iqRUdIECvPMez7AxieLAQB+rI2YOen89zdNs3dob5g=",
        "owner": "rhysd",
        "repo": "clever-f.vim",
        "rev": "fd370f27cca93918184a8043220cef1aa440a1fd",
        "type": "github"
      },
      "original": {
        "owner": "rhysd",
        "repo": "clever-f.vim",
        "type": "github"
      }
    },
    "vimplugin-cmp-buffer": {
      "flake": false,
      "locked": {
        "lastModified": 1645413199,
        "narHash": "sha256-itDEtoRvZn1mtLhT9WtqKVXoMRe5Qw0/QUf+TFzGNVk=",
        "owner": "hrsh7th",
        "repo": "cmp-buffer",
        "rev": "d66c4c2d376e5be99db68d2362cd94d250987525",
        "type": "github"
      },
      "original": {
        "owner": "hrsh7th",
        "repo": "cmp-buffer",
        "type": "github"
      }
    },
    "vimplugin-cmp-cmdline": {
      "flake": false,
      "locked": {
        "lastModified": 1644756337,
        "narHash": "sha256-8KlmtXYfapji+n6tntAGlTcHYT3CJtdZaFR8luEu7Go=",
        "owner": "hrsh7th",
        "repo": "cmp-cmdline",
        "rev": "f4beb74e8e036f9532bedbcac0b93c7a55a0f8b0",
        "type": "github"
      },
      "original": {
        "owner": "hrsh7th",
        "repo": "cmp-cmdline",
        "type": "github"
      }
    },
    "vimplugin-cmp-nvim-lsp": {
      "flake": false,
      "locked": {
        "lastModified": 1642242623,
        "narHash": "sha256-itlKrCBo8wMNBCknW+7INOyVmwbcwmkGLzpc2lvvqk4=",
        "owner": "hrsh7th",
        "repo": "cmp-nvim-lsp",
        "rev": "ebdfc204afb87f15ce3d3d3f5df0b8181443b5ba",
        "type": "github"
      },
      "original": {
        "owner": "hrsh7th",
        "repo": "cmp-nvim-lsp",
        "type": "github"
      }
    },
    "vimplugin-cmp-nvim-lua": {
      "flake": false,
      "locked": {
        "lastModified": 1633919304,
        "narHash": "sha256-/xUfw5adjXu8ySZBBFrLVJ1FCNJzfh79wf+wJsW6sIY=",
        "owner": "hrsh7th",
        "repo": "cmp-nvim-lua",
        "rev": "d276254e7198ab7d00f117e88e223b4bd8c02d21",
        "type": "github"
      },
      "original": {
        "owner": "hrsh7th",
        "repo": "cmp-nvim-lua",
        "type": "github"
      }
    },
    "vimplugin-cmp-path": {
      "flake": false,
      "locked": {
        "lastModified": 1643823794,
        "narHash": "sha256-xYzTpqVKpBBnajqqRRzAXlHAC13VGK1D9mFr3bntepY=",
        "owner": "hrsh7th",
        "repo": "cmp-path",
        "rev": "466b6b8270f7ba89abd59f402c73f63c7331ff6e",
        "type": "github"
      },
      "original": {
        "owner": "hrsh7th",
        "repo": "cmp-path",
        "type": "github"
      }
    },
    "vimplugin-cmp_luasnip": {
      "flake": false,
      "locked": {
        "lastModified": 1641154010,
        "narHash": "sha256-vkDOW0882wG22z1s4npjGPUJyHd5boW8KWDIoy+WrjI=",
        "owner": "saadparwaiz1",
        "repo": "cmp_luasnip",
        "rev": "d6f837f4e8fe48eeae288e638691b91b97d1737f",
        "type": "github"
      },
      "original": {
        "owner": "saadparwaiz1",
        "repo": "cmp_luasnip",
        "type": "github"
      }
    },
    "vimplugin-crates-nvim": {
      "flake": false,
      "locked": {
        "lastModified": 1645993938,
        "narHash": "sha256-IHb27lrcD9TIoon6MKV9iOUnd4EDCOJLKMnBhr24I+8=",
        "owner": "saecki",
        "repo": "crates.nvim",
        "rev": "6f0837b598d9bf0a30bc30dff39114b2e0cb79f3",
        "type": "github"
      },
      "original": {
        "owner": "saecki",
        "repo": "crates.nvim",
        "type": "github"
      }
    },
    "vimplugin-direnv-vim": {
      "flake": false,
      "locked": {
        "lastModified": 1646435140,
        "narHash": "sha256-HXqzoMSv87e1eOAG7IVU/WYlWUntdErnn/3oWISo1i8=",
        "owner": "direnv",
        "repo": "direnv.vim",
        "rev": "451e3637a15af7d4a206ac761af7a2247f139e0e",
        "type": "github"
      },
      "original": {
        "owner": "direnv",
        "repo": "direnv.vim",
        "type": "github"
      }
    },
    "vimplugin-friendly-snippets": {
      "flake": false,
      "locked": {
        "lastModified": 1646515510,
        "narHash": "sha256-a8CWP/+ELX5JIJeqtwJ49Pa2giZ6CJKl7ooT2NglWb0=",
        "owner": "rafamadriz",
        "repo": "friendly-snippets",
        "rev": "ad07b2844021b20797adda5b483265802559a693",
        "type": "github"
      },
      "original": {
        "owner": "rafamadriz",
        "repo": "friendly-snippets",
        "type": "github"
      }
    },
    "vimplugin-fterm": {
      "flake": false,
      "locked": {
        "lastModified": 1641276048,
        "narHash": "sha256-xoah6q7GKXyt8UhwuhDL8MVpC0ln1e2L1J6gEhOkYS4=",
        "owner": "numtostr",
        "repo": "FTerm.nvim",
        "rev": "eabb65f23ba48ec9e8abb9a2514f99b77b3bc6f2",
        "type": "github"
      },
      "original": {
        "owner": "numtostr",
        "repo": "FTerm.nvim",
        "type": "github"
      }
    },
    "vimplugin-fzf-vim": {
      "flake": false,
      "locked": {
        "lastModified": 1646642108,
        "narHash": "sha256-jk9WOc/2bZt8hByP8U0O5L/hNtozOqnn06chdYMs/wk=",
        "owner": "junegunn",
        "repo": "fzf.vim",
        "rev": "b23e4bb8f853cb9641a609c5c8545751276958b0",
        "type": "github"
      },
      "original": {
        "owner": "junegunn",
        "repo": "fzf.vim",
        "type": "github"
      }
    },
    "vimplugin-gitsigns-nvim": {
      "flake": false,
      "locked": {
        "lastModified": 1646398332,
        "narHash": "sha256-4969DDB9oivNg5fqUkPkp/qdOgY0L8f6QLLIS4S4CAU=",
        "owner": "lewis6991",
        "repo": "gitsigns.nvim",
        "rev": "779f4eb59047ef7faa41e71d261d041edfabfb39",
        "type": "github"
      },
      "original": {
        "owner": "lewis6991",
        "repo": "gitsigns.nvim",
        "type": "github"
      }
    },
    "vimplugin-indent-blankline": {
      "flake": false,
      "locked": {
        "lastModified": 1642829036,
        "narHash": "sha256-ik7GDbctby+fzk+TX2A3NQNN7zq2smOxDcEeWsc88sE=",
        "owner": "lukas-reineke",
        "repo": "indent-blankline.nvim",
        "rev": "2e35f7dcdc72f39b37c21e43cdb538d7a41c7e07",
        "type": "github"
      },
      "original": {
        "owner": "lukas-reineke",
        "repo": "indent-blankline.nvim",
        "type": "github"
      }
    },
    "vimplugin-lightspeed-nvim": {
      "flake": false,
      "locked": {
        "lastModified": 1646470118,
        "narHash": "sha256-Zk3yPkCMZLRT0+x8w1eNekiZvnNFY6Nza/3S5ZKYkVE=",
        "owner": "ggandor",
        "repo": "lightspeed.nvim",
        "rev": "c539032f1a67a152cf1b33484b371c88a749a32b",
        "type": "github"
      },
      "original": {
        "owner": "ggandor",
        "repo": "lightspeed.nvim",
        "type": "github"
      }
    },
    "vimplugin-lsp-colors-nvim": {
      "flake": false,
      "locked": {
        "lastModified": 1634899382,
        "narHash": "sha256-vXX9/5hulIlDwE9ISZlTMxxrl+Jjyquagv5+AHmEA5c=",
        "owner": "folke",
        "repo": "lsp-colors.nvim",
        "rev": "517fe3ab6b63f9907b093bc9443ef06b56f804f3",
        "type": "github"
      },
      "original": {
        "owner": "folke",
        "repo": "lsp-colors.nvim",
        "type": "github"
      }
    },
    "vimplugin-lsp_signature": {
      "flake": false,
      "locked": {
        "lastModified": 1646476366,
        "narHash": "sha256-olp6ar93vgYDvjQwy30IskCuDplAcJV+neUU5t9mvWo=",
        "owner": "ray-x",
        "repo": "lsp_signature.nvim",
        "rev": "e4f7dad45a1a3bb390977b4e69a528993bcefeac",
        "type": "github"
      },
      "original": {
        "owner": "ray-x",
        "repo": "lsp_signature.nvim",
        "type": "github"
      }
    },
    "vimplugin-lspkind-nvim": {
      "flake": false,
      "locked": {
        "lastModified": 1644054955,
        "narHash": "sha256-0103K5lnzWCyuT/qwiBUo5PJ7lUX7fo+zNeEnQClI7A=",
        "owner": "onsails",
        "repo": "lspkind-nvim",
        "rev": "93e98a0c900327ce7e9be1cbf24aebbe7170e375",
        "type": "github"
      },
      "original": {
        "owner": "onsails",
        "repo": "lspkind-nvim",
        "type": "github"
      }
    },
    "vimplugin-lspsaga-nvim": {
      "flake": false,
      "locked": {
        "lastModified": 1646327164,
        "narHash": "sha256-Gy5Cq7b3DTC6rlpHiZRxlsLx3nPqZj2OgTC0Nb2Ph4Y=",
        "owner": "tami5",
        "repo": "lspsaga.nvim",
        "rev": "f3cdb7b3a99c548b56fe39078a69d0c594422e18",
        "type": "github"
      },
      "original": {
        "owner": "tami5",
        "repo": "lspsaga.nvim",
        "type": "github"
      }
    },
    "vimplugin-lualine": {
      "flake": false,
      "locked": {
        "lastModified": 1646668162,
        "narHash": "sha256-F7R5V70ta/9s9qn+QkZtk5AFb/PfKtuOqPHP/Y6/WHI=",
        "owner": "hoob3rt",
        "repo": "lualine.nvim",
        "rev": "88a44ade818f9ee7ba730aa4096250e22b243808",
        "type": "github"
      },
      "original": {
        "owner": "hoob3rt",
        "repo": "lualine.nvim",
        "type": "github"
      }
    },
    "vimplugin-luasnip": {
      "flake": false,
      "locked": {
        "lastModified": 1646724976,
        "narHash": "sha256-PeG70gCdLA6m5b6rehpQn5IISzyKfDXc/SMDxdm5RoE=",
        "owner": "l3mon4d3",
        "repo": "luasnip",
        "rev": "35c7e1c1a1beec3dda228c7f3c2fba5c543c77a2",
        "type": "github"
      },
      "original": {
        "owner": "l3mon4d3",
        "repo": "luasnip",
        "type": "github"
      }
    },
    "vimplugin-neorg": {
      "flake": false,
      "locked": {
        "lastModified": 1646683512,
        "narHash": "sha256-6v9QfxMYKhoCEKjEgra9ZGk7DqHWzUwPKUdSraJf8+A=",
        "owner": "nvim-neorg",
        "repo": "neorg",
        "rev": "c3c5b3e988a237e4d008689b4695b8a9ae59ab57",
        "type": "github"
      },
      "original": {
        "owner": "nvim-neorg",
        "repo": "neorg",
        "type": "github"
      }
    },
    "vimplugin-nerdcommenter": {
      "flake": false,
      "locked": {
        "lastModified": 1645734161,
        "narHash": "sha256-UUDbLnb+HIG+hFeGnE8xrYu/bY/YWR3BWSLwnm/vDsg=",
        "owner": "preservim",
        "repo": "nerdcommenter",
        "rev": "f8671f783baeb0739f556d9b6c440ae1767340d6",
        "type": "github"
      },
      "original": {
        "owner": "preservim",
        "repo": "nerdcommenter",
        "type": "github"
      }
    },
    "vimplugin-nftables": {
      "flake": false,
      "locked": {
        "lastModified": 1593436602,
        "narHash": "sha256-gDBm1e4A+G9dM5/I2F4B+iMKC8wzYhTqe9Ei3Ppzrvw=",
        "owner": "nfnty",
        "repo": "vim-nftables",
        "rev": "26f8a506c6f3e41f1e4a8d6aa94c9a79a666bbff",
        "type": "github"
      },
      "original": {
        "owner": "nfnty",
        "repo": "vim-nftables",
        "type": "github"
      }
    },
    "vimplugin-null-ls-nvim": {
      "flake": false,
      "locked": {
        "lastModified": 1646595271,
        "narHash": "sha256-KZ5j4orT1hzxgVR+WTv1ktRAdkRVvvAZOvDEHwbuYa0=",
        "owner": "jose-elias-alvarez",
        "repo": "null-ls.nvim",
        "rev": "15d3aabc2b440293ecf6c85f25ca9fa645a468ae",
        "type": "github"
      },
      "original": {
        "owner": "jose-elias-alvarez",
        "repo": "null-ls.nvim",
        "type": "github"
      }
    },
    "vimplugin-numb-nvim": {
      "flake": false,
      "locked": {
        "lastModified": 1626101580,
        "narHash": "sha256-TeH3G6b21ajQjPlu8gun59WAYQ2mTZhRCl6yDKpn5TU=",
        "owner": "nacro90",
        "repo": "numb.nvim",
        "rev": "c8b128230adb22727256fd24a221f4c5a1b41e93",
        "type": "github"
      },
      "original": {
        "owner": "nacro90",
        "repo": "numb.nvim",
        "type": "github"
      }
    },
    "vimplugin-nvim-autopairs": {
      "flake": false,
      "locked": {
        "lastModified": 1646569977,
        "narHash": "sha256-oxrWiWV5W5D+X8atJY4Cfbp/EZUI0zIYZMV1ujCVcbE=",
        "owner": "windwp",
        "repo": "nvim-autopairs",
        "rev": "d2cde7c5802b34d6391a8a3555a3b7b56482f2aa",
        "type": "github"
      },
      "original": {
        "owner": "windwp",
        "repo": "nvim-autopairs",
        "type": "github"
      }
    },
    "vimplugin-nvim-cmp": {
      "flake": false,
      "locked": {
        "lastModified": 1646190781,
        "narHash": "sha256-uJ/Fex32smh47R21ozAUDj+4YmE1djhz7PPm/yrwTfw=",
        "owner": "hrsh7th",
        "repo": "nvim-cmp",
        "rev": "1001683bee3a52a7b7e07ba9d391472961739c7b",
        "type": "github"
      },
      "original": {
        "owner": "hrsh7th",
        "repo": "nvim-cmp",
        "type": "github"
      }
    },
    "vimplugin-nvim-colorizer": {
      "flake": false,
      "locked": {
        "lastModified": 1591879145,
        "narHash": "sha256-6YrnItxExL2C8pNIdLd+hXCjsB2MbZANwWkah6dreD8=",
        "owner": "norcalli",
        "repo": "nvim-colorizer.lua",
        "rev": "36c610a9717cc9ec426a07c8e6bf3b3abcb139d6",
        "type": "github"
      },
      "original": {
        "owner": "norcalli",
        "repo": "nvim-colorizer.lua",
        "type": "github"
      }
    },
    "vimplugin-nvim-dap": {
      "flake": false,
      "locked": {
        "lastModified": 1646485608,
        "narHash": "sha256-CLZj0Ia+DO4B1clioYZ62QF9G0QBM9UaWVUxHOq895w=",
        "owner": "mfussenegger",
        "repo": "nvim-dap",
        "rev": "edb22a824e33f5244c98dbaa91f749f0d6390a94",
        "type": "github"
      },
      "original": {
        "owner": "mfussenegger",
        "repo": "nvim-dap",
        "type": "github"
      }
    },
    "vimplugin-nvim-dap-ui": {
      "flake": false,
      "locked": {
        "lastModified": 1646474628,
        "narHash": "sha256-WX8xfINzH5qps7qTuyW8wR2sd6/vIUzRKPxuZ2uCkoo=",
        "owner": "rcarriga",
        "repo": "nvim-dap-ui",
        "rev": "b4a596f149f87a6e93ae11c46a2121ff7c265170",
        "type": "github"
      },
      "original": {
        "owner": "rcarriga",
        "repo": "nvim-dap-ui",
        "type": "github"
      }
    },
    "vimplugin-nvim-hlslens": {
      "flake": false,
      "locked": {
        "lastModified": 1645632077,
        "narHash": "sha256-VXKnVHkLhLVOi8D3u0cPET4LOHi9rtVtzoBKVKYgJKY=",
        "owner": "kevinhwang91",
        "repo": "nvim-hlslens",
        "rev": "2a883d68b93570a66baca5984e416d4c4d079c3f",
        "type": "github"
      },
      "original": {
        "owner": "kevinhwang91",
        "repo": "nvim-hlslens",
        "type": "github"
      }
    },
    "vimplugin-nvim-lspconfig": {
      "flake": false,
      "locked": {
        "lastModified": 1646760767,
        "narHash": "sha256-zaKKGguOi4VtShaOXybOg+zsUahpT4xPe6qr3mmvs80=",
        "owner": "neovim",
        "repo": "nvim-lspconfig",
        "rev": "858fc0ec1ffa02fc03f0c62d646e8054007c49ad",
        "type": "github"
      },
      "original": {
        "owner": "neovim",
        "repo": "nvim-lspconfig",
        "type": "github"
      }
    },
    "vimplugin-nvim-notify": {
      "flake": false,
      "locked": {
        "lastModified": 1646210494,
        "narHash": "sha256-Xmf6oO7yHe4sHXVzEwjg0u4VZTLQDxYhnSvI2bb8nwg=",
        "owner": "rcarriga",
        "repo": "nvim-notify",
        "rev": "f81b48d298c0ff7479b66568d9cc1a4794c196d0",
        "type": "github"
      },
      "original": {
        "owner": "rcarriga",
        "repo": "nvim-notify",
        "type": "github"
      }
    },
    "vimplugin-nvim-scrollbar": {
      "flake": false,
      "locked": {
        "lastModified": 1645856956,
        "narHash": "sha256-0IwTzVgYi2Z7M2+vJuP+lrKVrTOBWdrIi3mtsj0E+wg=",
        "owner": "petertriho",
        "repo": "nvim-scrollbar",
        "rev": "b10ece8f991e2c096bc2a6a92da2a635f9298d26",
        "type": "github"
      },
      "original": {
        "owner": "petertriho",
        "repo": "nvim-scrollbar",
        "type": "github"
      }
    },
    "vimplugin-nvim-tree": {
      "flake": false,
      "locked": {
        "lastModified": 1646688739,
        "narHash": "sha256-0FFuNnWTD2xPss5GVL4a2i6eWbnISU62yugS0thWfQ4=",
        "owner": "kyazdani42",
        "repo": "nvim-tree.lua",
        "rev": "08c57660a7761a507a3ae2f4a7c71fe30a412537",
        "type": "github"
      },
      "original": {
        "owner": "kyazdani42",
        "repo": "nvim-tree.lua",
        "type": "github"
      }
    },
    "vimplugin-nvim-treesitter": {
      "flake": false,
      "locked": {
        "lastModified": 1646724980,
        "narHash": "sha256-SA6SOfHMvT2daC4WoLL7bB0gD91fKu/wNiDAlS1CO74=",
        "owner": "nvim-treesitter",
        "repo": "nvim-treesitter",
        "rev": "2ff68da17926855dda85d7b22b8af628bfef55ff",
        "type": "github"
      },
      "original": {
        "owner": "nvim-treesitter",
        "repo": "nvim-treesitter",
        "type": "github"
      }
    },
    "vimplugin-nvim-treesitter-context": {
      "flake": false,
      "locked": {
        "lastModified": 1642022511,
        "narHash": "sha256-OHDdl5PdTQ/M2sOrZ5C4JUG9FcAy0cTtWu56qyPbe4Q=",
        "owner": "romgrk",
        "repo": "nvim-treesitter-context",
        "rev": "b7d7aba81683c1cd76141e090ff335bb55332cba",
        "type": "github"
      },
      "original": {
        "owner": "romgrk",
        "repo": "nvim-treesitter-context",
        "type": "github"
      }
    },
    "vimplugin-nvim-ts-rainbow": {
      "flake": false,
      "locked": {
        "lastModified": 1646321186,
        "narHash": "sha256-I53r7WKxvcy4AyiYtVE9ieqJ6Wv6JnfxXKtnzr7tTt0=",
        "owner": "p00f",
        "repo": "nvim-ts-rainbow",
        "rev": "0594067ae677a192a94e383c25a93ac1c3a844d1",
        "type": "github"
      },
      "original": {
        "owner": "p00f",
        "repo": "nvim-ts-rainbow",
        "type": "github"
      }
    },
    "vimplugin-nvim-web-devicons": {
      "flake": false,
      "locked": {
        "lastModified": 1645288522,
        "narHash": "sha256-0nuv0kBPGV9F6Nmt5GERUG9E8kkXFrbS+cJ1CVQAQ9g=",
        "owner": "kyazdani42",
        "repo": "nvim-web-devicons",
        "rev": "4415d1aaa56f73b9c05795af84d625c610b05d3b",
        "type": "github"
      },
      "original": {
        "owner": "kyazdani42",
        "repo": "nvim-web-devicons",
        "type": "github"
      }
    },
    "vimplugin-plenary-nvim": {
      "flake": false,
      "locked": {
        "lastModified": 1646401868,
        "narHash": "sha256-nxB5Gx0xI1oREcFHNKbCWdKGoqnZFqKgHE/EOU/Kgxk=",
        "owner": "nvim-lua",
        "repo": "plenary.nvim",
        "rev": "14dfb4071022b22e08384ee125a5607464b6d397",
        "type": "github"
      },
      "original": {
        "owner": "nvim-lua",
        "repo": "plenary.nvim",
        "type": "github"
      }
    },
    "vimplugin-popup-nvim": {
      "flake": false,
      "locked": {
        "lastModified": 1637254091,
        "narHash": "sha256-dNWz/xovUg55fDZUpVs/2kLphk3lqQyvPtc9ATwbeSQ=",
        "owner": "nvim-lua",
        "repo": "popup.nvim",
        "rev": "b7404d35d5d3548a82149238289fa71f7f6de4ac",
        "type": "github"
      },
      "original": {
        "owner": "nvim-lua",
        "repo": "popup.nvim",
        "type": "github"
      }
    },
    "vimplugin-rust-tools": {
      "flake": false,
      "locked": {
        "lastModified": 1646606688,
        "narHash": "sha256-Uw9At3NFhGEDkhm+shLnYlUg4Mtog9hc52bQe0Lf3Lk=",
        "owner": "simrat39",
        "repo": "rust-tools.nvim",
        "rev": "9aa2d2da7f485336c5d97aa47c0acb0544ace768",
        "type": "github"
      },
      "original": {
        "owner": "simrat39",
        "repo": "rust-tools.nvim",
        "type": "github"
      }
    },
    "vimplugin-telescope-dap-nvim": {
      "flake": false,
      "locked": {
        "lastModified": 1616786019,
        "narHash": "sha256-aGiBknPDjYL4Vlp0DKbJpsKiEaA5dzgg87FQvgThl7k=",
        "owner": "nvim-telescope",
        "repo": "telescope-dap.nvim",
        "rev": "b4134fff5cbaf3b876e6011212ed60646e56f060",
        "type": "github"
      },
      "original": {
        "owner": "nvim-telescope",
        "repo": "telescope-dap.nvim",
        "type": "github"
      }
    },
    "vimplugin-telescope-fzf-nvim": {
      "flake": false,
      "locked": {
        "lastModified": 1645301891,
        "narHash": "sha256-IdJ7t0nmuA9/HVgzdH3TPDO+FbCmRFZn41qrftsvTlg=",
        "owner": "nvim-telescope",
        "repo": "telescope-fzf-native.nvim",
        "rev": "8ec164b541327202e5e74f99bcc5fe5845720e18",
        "type": "github"
      },
      "original": {
        "owner": "nvim-telescope",
        "repo": "telescope-fzf-native.nvim",
        "type": "github"
      }
    },
    "vimplugin-telescope-ghq": {
      "flake": false,
      "locked": {
        "lastModified": 1638784863,
        "narHash": "sha256-Uct+2jg9qZD7V3eSnICLNu2jpaQLc3ugW8qunPiAynM=",
        "owner": "nvim-telescope",
        "repo": "telescope-ghq.nvim",
        "rev": "dc1022f91100ca06c9c7bd645f08e2bf985ad283",
        "type": "github"
      },
      "original": {
        "owner": "nvim-telescope",
        "repo": "telescope-ghq.nvim",
        "type": "github"
      }
    },
    "vimplugin-telescope-lsp-handlers": {
      "flake": false,
      "locked": {
        "lastModified": 1631051048,
        "narHash": "sha256-y3Sx/kiEs1uERjuP2uUQJCScCEgIao0lq5wNFiStofQ=",
        "owner": "gbrlsnchs",
        "repo": "telescope-lsp-handlers.nvim",
        "rev": "d6d5983b0131ee2c386ca9e349f6621e12d971cb",
        "type": "github"
      },
      "original": {
        "owner": "gbrlsnchs",
        "repo": "telescope-lsp-handlers.nvim",
        "type": "github"
      }
    },
    "vimplugin-telescope-nvim": {
      "flake": false,
      "locked": {
        "lastModified": 1646732276,
        "narHash": "sha256-b4w0gIqiIU1JY7+7pcm97IAyyseZKKOD3d53YLzYNm8=",
        "owner": "nvim-telescope",
        "repo": "telescope.nvim",
        "rev": "1daf0917cf859c3c089c62e960b128fe3382fc6d",
        "type": "github"
      },
      "original": {
        "owner": "nvim-telescope",
        "repo": "telescope.nvim",
        "type": "github"
      }
    },
    "vimplugin-telescope-zoxide": {
      "flake": false,
      "locked": {
        "lastModified": 1634807614,
        "narHash": "sha256-NAv3yXsG2pJV8OHzc7myZ/4tKg37+u/eOBCLDwGApzY=",
        "owner": "jvgrootveld",
        "repo": "telescope-zoxide",
        "rev": "b51b7f4ba0e2a08bc764fb2ee39e0bc68eec79b5",
        "type": "github"
      },
      "original": {
        "owner": "jvgrootveld",
        "repo": "telescope-zoxide",
        "type": "github"
      }
    },
    "vimplugin-trouble-nvim": {
      "flake": false,
      "locked": {
        "lastModified": 1640940059,
        "narHash": "sha256-t6zNugUO75TxOs4T83H8Slr04m3Dv113p/M/4XPg4QE=",
        "owner": "folke",
        "repo": "trouble.nvim",
        "rev": "20469be985143d024c460d95326ebeff9971d714",
        "type": "github"
      },
      "original": {
        "owner": "folke",
        "repo": "trouble.nvim",
        "type": "github"
      }
    },
    "vimplugin-vim-vsnip": {
      "flake": false,
      "locked": {
        "lastModified": 1645858217,
        "narHash": "sha256-giaCFG4s86W5o5CMg11a6lE7rDA4oHr8HL3cUO23TBA=",
        "owner": "hrsh7th",
        "repo": "vim-vsnip",
        "rev": "70a1131d64d75150ece513b983b0f42939bcb03c",
        "type": "github"
      },
      "original": {
        "owner": "hrsh7th",
        "repo": "vim-vsnip",
        "type": "github"
      }
    },
    "vimplugin-vim-vsnip-integ": {
      "flake": false,
      "locked": {
        "lastModified": 1641974134,
        "narHash": "sha256-mDQwyCj3D1jDZMiFCvYw70ItQVMyJbORw3abY+sOnUY=",
        "owner": "hrsh7th",
        "repo": "vim-vsnip-integ",
        "rev": "5541e4ac18c732700c4310c86384bea19644d4a7",
        "type": "github"
      },
      "original": {
        "owner": "hrsh7th",
        "repo": "vim-vsnip-integ",
        "type": "github"
      }
    },
    "vimplugin-which-key-nvim": {
      "flake": false,
      "locked": {
        "lastModified": 1642619077,
        "narHash": "sha256-bz41c/zenRVVIkwtHHIi8wF/LZn2JEkFc6tkPv/BYY4=",
        "owner": "folke",
        "repo": "which-key.nvim",
        "rev": "28d2bd129575b5e9ebddd88506601290bb2bb221",
        "type": "github"
      },
      "original": {
        "owner": "folke",
        "repo": "which-key.nvim",
        "type": "github"
      }
    }
  },
  "root": "root",
  "version": 7
}
