{
  "nodes": {
    "flake-utils": {
      "locked": {
        "lastModified": 1629481132,
        "narHash": "sha256-JHgasjPR0/J1J3DRm4KxM4zTyAj4IOJY8vIl75v/kPI=",
        "owner": "numtide",
        "repo": "flake-utils",
        "rev": "997f7efcb746a9c140ce1f13c72263189225f482",
        "type": "github"
      },
      "original": {
        "owner": "numtide",
        "repo": "flake-utils",
        "type": "github"
      }
    },
    "neovim-flake": {
      "inputs": {
        "flake-utils": "flake-utils",
        "nixpkgs": [
          "nixpkgs"
        ]
      },
      "locked": {
        "dir": "contrib",
        "lastModified": 1643653736,
        "narHash": "sha256-zUocw3pCTykADQsgVOQ6ebal3OuAE8zlFnNpMSqt8S4=",
        "owner": "neovim",
        "repo": "neovim",
        "rev": "c00b844988ddbb5c0dc2ee2b6b4dbbc2901b5fbe",
        "type": "github"
      },
      "original": {
        "dir": "contrib",
        "id": "neovim-flake",
        "type": "indirect"
      }
    },
    "nixpkgs": {
      "locked": {
        "lastModified": 1643658346,
        "narHash": "sha256-obSSs2gjLrsHxSs6OnONnuJH9I0wUoIrzuKSkap5M8Y=",
        "owner": "NixOS",
        "repo": "nixpkgs",
        "rev": "5075fd13e601b8d60fe5769bab9b1269865fe026",
        "type": "github"
      },
      "original": {
        "id": "nixpkgs",
        "type": "indirect"
      }
    },
    "nixpkgs_2": {
      "locked": {
        "lastModified": 1643062291,
        "narHash": "sha256-YcUOdVXC4TbZPPMOUS5aQtamFaWMrtHoGBqbcEN/+1w=",
        "owner": "NixOS",
        "repo": "nixpkgs",
        "rev": "5c3829a8b11f5104ffb7f819f5f23ce8c1cd19d3",
        "type": "github"
      },
      "original": {
        "owner": "NixOS",
        "repo": "nixpkgs",
        "type": "github"
      }
    },
    "root": {
      "inputs": {
        "neovim-flake": "neovim-flake",
        "nixpkgs": "nixpkgs",
        "utils": "utils",
        "vimplugin-aerial-nvim": "vimplugin-aerial-nvim",
        "vimplugin-bufferline": "vimplugin-bufferline",
        "vimplugin-clever-f": "vimplugin-clever-f",
        "vimplugin-cmp-buffer": "vimplugin-cmp-buffer",
        "vimplugin-cmp-cmdline": "vimplugin-cmp-cmdline",
        "vimplugin-cmp-nvim-lsp": "vimplugin-cmp-nvim-lsp",
        "vimplugin-cmp-nvim-lua": "vimplugin-cmp-nvim-lua",
        "vimplugin-cmp-path": "vimplugin-cmp-path",
        "vimplugin-cmp_luasnip": "vimplugin-cmp_luasnip",
        "vimplugin-crates-nvim": "vimplugin-crates-nvim",
        "vimplugin-direnv-vim": "vimplugin-direnv-vim",
        "vimplugin-friendly-snippets": "vimplugin-friendly-snippets",
        "vimplugin-fterm": "vimplugin-fterm",
        "vimplugin-fzf-vim": "vimplugin-fzf-vim",
        "vimplugin-gitsigns-nvim": "vimplugin-gitsigns-nvim",
        "vimplugin-indent-blankline": "vimplugin-indent-blankline",
        "vimplugin-lightspeed-nvim": "vimplugin-lightspeed-nvim",
        "vimplugin-lsp-colors-nvim": "vimplugin-lsp-colors-nvim",
        "vimplugin-lsp_signature": "vimplugin-lsp_signature",
        "vimplugin-lspkind-nvim": "vimplugin-lspkind-nvim",
        "vimplugin-lspsaga-nvim": "vimplugin-lspsaga-nvim",
        "vimplugin-lualine": "vimplugin-lualine",
        "vimplugin-luasnip": "vimplugin-luasnip",
        "vimplugin-neorg": "vimplugin-neorg",
        "vimplugin-nerdcommenter": "vimplugin-nerdcommenter",
        "vimplugin-null-ls-nvim": "vimplugin-null-ls-nvim",
        "vimplugin-numb-nvim": "vimplugin-numb-nvim",
        "vimplugin-nvim-autopairs": "vimplugin-nvim-autopairs",
        "vimplugin-nvim-cmp": "vimplugin-nvim-cmp",
        "vimplugin-nvim-colorizer": "vimplugin-nvim-colorizer",
        "vimplugin-nvim-dap": "vimplugin-nvim-dap",
        "vimplugin-nvim-dap-ui": "vimplugin-nvim-dap-ui",
        "vimplugin-nvim-hlslens": "vimplugin-nvim-hlslens",
        "vimplugin-nvim-lspconfig": "vimplugin-nvim-lspconfig",
        "vimplugin-nvim-notify": "vimplugin-nvim-notify",
        "vimplugin-nvim-scrollbar": "vimplugin-nvim-scrollbar",
        "vimplugin-nvim-tree": "vimplugin-nvim-tree",
        "vimplugin-nvim-treesitter": "vimplugin-nvim-treesitter",
        "vimplugin-nvim-treesitter-context": "vimplugin-nvim-treesitter-context",
        "vimplugin-nvim-ts-rainbow": "vimplugin-nvim-ts-rainbow",
        "vimplugin-nvim-web-devicons": "vimplugin-nvim-web-devicons",
        "vimplugin-plenary-nvim": "vimplugin-plenary-nvim",
        "vimplugin-popup-nvim": "vimplugin-popup-nvim",
        "vimplugin-rust-tools": "vimplugin-rust-tools",
        "vimplugin-telescope-dap-nvim": "vimplugin-telescope-dap-nvim",
        "vimplugin-telescope-fzf-nvim": "vimplugin-telescope-fzf-nvim",
        "vimplugin-telescope-ghq": "vimplugin-telescope-ghq",
        "vimplugin-telescope-lsp-handlers": "vimplugin-telescope-lsp-handlers",
        "vimplugin-telescope-nvim": "vimplugin-telescope-nvim",
        "vimplugin-telescope-zoxide": "vimplugin-telescope-zoxide",
        "vimplugin-trouble-nvim": "vimplugin-trouble-nvim",
        "vimplugin-vim-vsnip": "vimplugin-vim-vsnip",
        "vimplugin-vim-vsnip-integ": "vimplugin-vim-vsnip-integ",
        "vimplugin-which-key-nvim": "vimplugin-which-key-nvim"
      }
    },
    "utils": {
      "inputs": {
        "nixpkgs": "nixpkgs_2"
      },
      "locked": {
        "narHash": "sha256-faFePg1pXpssF5m88aV5/c6o8Tx1fUfX4X/Q1vMhuXw=",
        "path": "../utils-flake",
        "type": "path"
      },
      "original": {
        "id": "utils",
        "type": "indirect"
      }
    },
    "vimplugin-aerial-nvim": {
      "flake": false,
      "locked": {
        "lastModified": 1643489355,
        "narHash": "sha256-vQ4xJnsaO5Hc7JDNBU99T6aihZH466nd4JJlTPQP9P8=",
        "owner": "stevearc",
        "repo": "aerial.nvim",
        "rev": "98a33857ac1baf1b1fc656a3ca5b0318cf03c3d5",
        "type": "github"
      },
      "original": {
        "owner": "stevearc",
        "repo": "aerial.nvim",
        "type": "github"
      }
    },
    "vimplugin-bufferline": {
      "flake": false,
      "locked": {
        "lastModified": 1642342787,
        "narHash": "sha256-SMnRtdmqOJdR+7/TFylBxLwmUG3ftjyEOW/QaDrhHHA=",
        "owner": "akinsho",
        "repo": "bufferline.nvim",
        "rev": "7451dfc97d28e6783dbeb1cdcff12619a9323c98",
        "type": "github"
      },
      "original": {
        "owner": "akinsho",
        "repo": "bufferline.nvim",
        "type": "github"
      }
    },
    "vimplugin-clever-f": {
      "flake": false,
      "locked": {
        "lastModified": 1625658399,
        "narHash": "sha256-1iqRUdIECvPMez7AxieLAQB+rI2YOen89zdNs3dob5g=",
        "owner": "rhysd",
        "repo": "clever-f.vim",
        "rev": "fd370f27cca93918184a8043220cef1aa440a1fd",
        "type": "github"
      },
      "original": {
        "owner": "rhysd",
        "repo": "clever-f.vim",
        "type": "github"
      }
    },
    "vimplugin-cmp-buffer": {
      "flake": false,
      "locked": {
        "lastModified": 1641254550,
        "narHash": "sha256-LXNckOkSqRMFWJhBaPUm8el0SgTS2XPvg3N8CEwHLHw=",
        "owner": "hrsh7th",
        "repo": "cmp-buffer",
        "rev": "f83773e2f433a923997c5faad7ea689ec24d1785",
        "type": "github"
      },
      "original": {
        "owner": "hrsh7th",
        "repo": "cmp-buffer",
        "type": "github"
      }
    },
    "vimplugin-cmp-cmdline": {
      "flake": false,
      "locked": {
        "lastModified": 1638355837,
        "narHash": "sha256-BkMvtwkLnT0tnLn9F+vt3vtmAQOBVFwFC3YF7ZsE8Hs=",
        "owner": "hrsh7th",
        "repo": "cmp-cmdline",
        "rev": "29ca81a6f0f288e6311b3377d9d9684d22eac2ec",
        "type": "github"
      },
      "original": {
        "owner": "hrsh7th",
        "repo": "cmp-cmdline",
        "type": "github"
      }
    },
    "vimplugin-cmp-nvim-lsp": {
      "flake": false,
      "locked": {
        "lastModified": 1642242623,
        "narHash": "sha256-itlKrCBo8wMNBCknW+7INOyVmwbcwmkGLzpc2lvvqk4=",
        "owner": "hrsh7th",
        "repo": "cmp-nvim-lsp",
        "rev": "ebdfc204afb87f15ce3d3d3f5df0b8181443b5ba",
        "type": "github"
      },
      "original": {
        "owner": "hrsh7th",
        "repo": "cmp-nvim-lsp",
        "type": "github"
      }
    },
    "vimplugin-cmp-nvim-lua": {
      "flake": false,
      "locked": {
        "lastModified": 1633919304,
        "narHash": "sha256-/xUfw5adjXu8ySZBBFrLVJ1FCNJzfh79wf+wJsW6sIY=",
        "owner": "hrsh7th",
        "repo": "cmp-nvim-lua",
        "rev": "d276254e7198ab7d00f117e88e223b4bd8c02d21",
        "type": "github"
      },
      "original": {
        "owner": "hrsh7th",
        "repo": "cmp-nvim-lua",
        "type": "github"
      }
    },
    "vimplugin-cmp-path": {
      "flake": false,
      "locked": {
        "lastModified": 1642430705,
        "narHash": "sha256-qKPYOW+Nid3CdFJfeU1JVb9zaDZAk2F/WQ4ddjNDRnk=",
        "owner": "hrsh7th",
        "repo": "cmp-path",
        "rev": "c5230cb439df9547294678d0f1c1465ad7989e5f",
        "type": "github"
      },
      "original": {
        "owner": "hrsh7th",
        "repo": "cmp-path",
        "type": "github"
      }
    },
    "vimplugin-cmp_luasnip": {
      "flake": false,
      "locked": {
        "lastModified": 1641154010,
        "narHash": "sha256-vkDOW0882wG22z1s4npjGPUJyHd5boW8KWDIoy+WrjI=",
        "owner": "saadparwaiz1",
        "repo": "cmp_luasnip",
        "rev": "d6f837f4e8fe48eeae288e638691b91b97d1737f",
        "type": "github"
      },
      "original": {
        "owner": "saadparwaiz1",
        "repo": "cmp_luasnip",
        "type": "github"
      }
    },
    "vimplugin-crates-nvim": {
      "flake": false,
      "locked": {
        "lastModified": 1642550634,
        "narHash": "sha256-xq0EPyakZrd1NVD5c9Bwg4g0PDJuv389mRE5sZ+y9es=",
        "owner": "saecki",
        "repo": "crates.nvim",
        "rev": "edf3b7aafa334d72b80d502dcca55b36a5b5ba79",
        "type": "github"
      },
      "original": {
        "owner": "saecki",
        "repo": "crates.nvim",
        "type": "github"
      }
    },
    "vimplugin-direnv-vim": {
      "flake": false,
      "locked": {
        "lastModified": 1605876688,
        "narHash": "sha256-U/HEQ/hKUxDjnv8mvi62/RtU8TNZzmy8J9SYJrtC34w=",
        "owner": "direnv",
        "repo": "direnv.vim",
        "rev": "ff37d76da391e1ef299d2f5eb84006cb27a67799",
        "type": "github"
      },
      "original": {
        "owner": "direnv",
        "repo": "direnv.vim",
        "type": "github"
      }
    },
    "vimplugin-friendly-snippets": {
      "flake": false,
      "locked": {
        "lastModified": 1643236115,
        "narHash": "sha256-/olPjrEtSjwBRkt099aikNqmtp5IV0huqMagfe0n5B0=",
        "owner": "rafamadriz",
        "repo": "friendly-snippets",
        "rev": "4f6bd8eb5fbe0e45d57e732783ead2c3a01f549c",
        "type": "github"
      },
      "original": {
        "owner": "rafamadriz",
        "repo": "friendly-snippets",
        "type": "github"
      }
    },
    "vimplugin-fterm": {
      "flake": false,
      "locked": {
        "lastModified": 1641276048,
        "narHash": "sha256-xoah6q7GKXyt8UhwuhDL8MVpC0ln1e2L1J6gEhOkYS4=",
        "owner": "numtostr",
        "repo": "FTerm.nvim",
        "rev": "eabb65f23ba48ec9e8abb9a2514f99b77b3bc6f2",
        "type": "github"
      },
      "original": {
        "owner": "numtostr",
        "repo": "FTerm.nvim",
        "type": "github"
      }
    },
    "vimplugin-fzf-vim": {
      "flake": false,
      "locked": {
        "lastModified": 1643697288,
        "narHash": "sha256-UU3O5qLZFyidMF7jOp+GjNQFnAwrlGcK9D/BjdMz0Tg=",
        "owner": "junegunn",
        "repo": "fzf.vim",
        "rev": "1f7bfa4007043c30027b2cd79625e8aac5cff1f9",
        "type": "github"
      },
      "original": {
        "owner": "junegunn",
        "repo": "fzf.vim",
        "type": "github"
      }
    },
    "vimplugin-gitsigns-nvim": {
      "flake": false,
      "locked": {
        "lastModified": 1643736437,
        "narHash": "sha256-MCOXHosPctZ+rBBTeKNmgkk4vGkD6S26a0Rb10b16jw=",
        "owner": "lewis6991",
        "repo": "gitsigns.nvim",
        "rev": "0cba66ab9ef2316eea742dc9d17f1b7a5bf17f54",
        "type": "github"
      },
      "original": {
        "owner": "lewis6991",
        "repo": "gitsigns.nvim",
        "type": "github"
      }
    },
    "vimplugin-indent-blankline": {
      "flake": false,
      "locked": {
        "lastModified": 1642829036,
        "narHash": "sha256-ik7GDbctby+fzk+TX2A3NQNN7zq2smOxDcEeWsc88sE=",
        "owner": "lukas-reineke",
        "repo": "indent-blankline.nvim",
        "rev": "2e35f7dcdc72f39b37c21e43cdb538d7a41c7e07",
        "type": "github"
      },
      "original": {
        "owner": "lukas-reineke",
        "repo": "indent-blankline.nvim",
        "type": "github"
      }
    },
    "vimplugin-lightspeed-nvim": {
      "flake": false,
      "locked": {
        "lastModified": 1643730893,
        "narHash": "sha256-Hbq4G2VMedqU3Fo+hHauh1Qmd0eM9X5D5hhFDuoEedQ=",
        "owner": "ggandor",
        "repo": "lightspeed.nvim",
        "rev": "0cc42061944b6bbd69c4717ded2115991753b02a",
        "type": "github"
      },
      "original": {
        "owner": "ggandor",
        "repo": "lightspeed.nvim",
        "type": "github"
      }
    },
    "vimplugin-lsp-colors-nvim": {
      "flake": false,
      "locked": {
        "lastModified": 1634899382,
        "narHash": "sha256-vXX9/5hulIlDwE9ISZlTMxxrl+Jjyquagv5+AHmEA5c=",
        "owner": "folke",
        "repo": "lsp-colors.nvim",
        "rev": "517fe3ab6b63f9907b093bc9443ef06b56f804f3",
        "type": "github"
      },
      "original": {
        "owner": "folke",
        "repo": "lsp-colors.nvim",
        "type": "github"
      }
    },
    "vimplugin-lsp_signature": {
      "flake": false,
      "locked": {
        "lastModified": 1643517934,
        "narHash": "sha256-4BmvDF5oC22VxhnIOsLIwo1Z4HVou70qnB3Hh4rw3+I=",
        "owner": "ray-x",
        "repo": "lsp_signature.nvim",
        "rev": "30c7cf023782f50cfa8f65d0508163d6ebfd2442",
        "type": "github"
      },
      "original": {
        "owner": "ray-x",
        "repo": "lsp_signature.nvim",
        "type": "github"
      }
    },
    "vimplugin-lspkind-nvim": {
      "flake": false,
      "locked": {
        "lastModified": 1640888751,
        "narHash": "sha256-oAA4Q4FC+7fbBw8CwGrqP05PD+q5035vurYzMQLk03I=",
        "owner": "onsails",
        "repo": "lspkind-nvim",
        "rev": "f0d1552890e384f15b47ea88bd1b8a077cddc24a",
        "type": "github"
      },
      "original": {
        "owner": "onsails",
        "repo": "lspkind-nvim",
        "type": "github"
      }
    },
    "vimplugin-lspsaga-nvim": {
      "flake": false,
      "locked": {
        "lastModified": 1643749154,
        "narHash": "sha256-UqXuiZ17c9ceoadcVCuGZA0s9+v5wNEth3P6QF6lBHM=",
        "owner": "tami5",
        "repo": "lspsaga.nvim",
        "rev": "3cd3c4b69f2ac7dfecc4cfe86f43589127790d04",
        "type": "github"
      },
      "original": {
        "owner": "tami5",
        "repo": "lspsaga.nvim",
        "type": "github"
      }
    },
    "vimplugin-lualine": {
      "flake": false,
      "locked": {
        "lastModified": 1643707185,
        "narHash": "sha256-zT+MLI1DCPeRk3+pp/Z9gWFNg4B6pqf3R/1j0spb2SY=",
        "owner": "hoob3rt",
        "repo": "lualine.nvim",
        "rev": "0d0ea77e1a9a0f17e48b87b5931f292a6cf413dd",
        "type": "github"
      },
      "original": {
        "owner": "hoob3rt",
        "repo": "lualine.nvim",
        "type": "github"
      }
    },
    "vimplugin-luasnip": {
      "flake": false,
      "locked": {
        "lastModified": 1643400059,
        "narHash": "sha256-PCp+akGP2zzHd1eQBidEbSrz8Jbib5muuYp4qLTs3iw=",
        "owner": "l3mon4d3",
        "repo": "luasnip",
        "rev": "35322c97b041542f95c85e87a8215892ea4137d5",
        "type": "github"
      },
      "original": {
        "owner": "l3mon4d3",
        "repo": "luasnip",
        "type": "github"
      }
    },
    "vimplugin-neorg": {
      "flake": false,
      "locked": {
        "lastModified": 1643703461,
        "narHash": "sha256-pet1sm+O2ZFtUNdVXqosHj+hBK9B2LS8JXjzSdwYF5s=",
        "owner": "nvim-neorg",
        "repo": "neorg",
        "rev": "56205ed62df46d292d30e9490e3995ab79df5517",
        "type": "github"
      },
      "original": {
        "owner": "nvim-neorg",
        "repo": "neorg",
        "type": "github"
      }
    },
    "vimplugin-nerdcommenter": {
      "flake": false,
      "locked": {
        "lastModified": 1642270433,
        "narHash": "sha256-SwI3/vQhSVMJS09yKooq7TBfEmms/9fkYR/HS7AVChA=",
        "owner": "preservim",
        "repo": "nerdcommenter",
        "rev": "f9c5f0fbda3be77dce5bb4b06b49d9f11b3b6c20",
        "type": "github"
      },
      "original": {
        "owner": "preservim",
        "repo": "nerdcommenter",
        "type": "github"
      }
    },
    "vimplugin-null-ls-nvim": {
      "flake": false,
      "locked": {
        "lastModified": 1643322091,
        "narHash": "sha256-55NdHFFmuyoU0ELNnYXvhPGH1iVhyaXkm3zgkNmwO/g=",
        "owner": "jose-elias-alvarez",
        "repo": "null-ls.nvim",
        "rev": "2ae4a5e2e2b35716c44c104ef1afa35ecb40c444",
        "type": "github"
      },
      "original": {
        "owner": "jose-elias-alvarez",
        "repo": "null-ls.nvim",
        "type": "github"
      }
    },
    "vimplugin-numb-nvim": {
      "flake": false,
      "locked": {
        "lastModified": 1626101580,
        "narHash": "sha256-TeH3G6b21ajQjPlu8gun59WAYQ2mTZhRCl6yDKpn5TU=",
        "owner": "nacro90",
        "repo": "numb.nvim",
        "rev": "c8b128230adb22727256fd24a221f4c5a1b41e93",
        "type": "github"
      },
      "original": {
        "owner": "nacro90",
        "repo": "numb.nvim",
        "type": "github"
      }
    },
    "vimplugin-nvim-autopairs": {
      "flake": false,
      "locked": {
        "lastModified": 1642167318,
        "narHash": "sha256-XP/HQ8jhgkrTVEmkFZz4CqwjSjAvl561XMMQDVnOtuE=",
        "owner": "windwp",
        "repo": "nvim-autopairs",
        "rev": "97e454ce9b1371373105716d196c1017394bc947",
        "type": "github"
      },
      "original": {
        "owner": "windwp",
        "repo": "nvim-autopairs",
        "type": "github"
      }
    },
    "vimplugin-nvim-cmp": {
      "flake": false,
      "locked": {
        "lastModified": 1643701654,
        "narHash": "sha256-GIxn5hCG+iaFxFxgKkglATK3IuGugsVet8IPbaw4MNc=",
        "owner": "hrsh7th",
        "repo": "nvim-cmp",
        "rev": "124f1611f1b7cd9fb2892f0597881e007c99b652",
        "type": "github"
      },
      "original": {
        "owner": "hrsh7th",
        "repo": "nvim-cmp",
        "type": "github"
      }
    },
    "vimplugin-nvim-colorizer": {
      "flake": false,
      "locked": {
        "lastModified": 1591879145,
        "narHash": "sha256-6YrnItxExL2C8pNIdLd+hXCjsB2MbZANwWkah6dreD8=",
        "owner": "norcalli",
        "repo": "nvim-colorizer.lua",
        "rev": "36c610a9717cc9ec426a07c8e6bf3b3abcb139d6",
        "type": "github"
      },
      "original": {
        "owner": "norcalli",
        "repo": "nvim-colorizer.lua",
        "type": "github"
      }
    },
    "vimplugin-nvim-dap": {
      "flake": false,
      "locked": {
        "lastModified": 1642855401,
        "narHash": "sha256-jrv1tTgHr/+W2RI19JRN8vS7VbptaDC7Z6XmX3Yr6mk=",
        "owner": "mfussenegger",
        "repo": "nvim-dap",
        "rev": "c9a58267524f560112ecb6faa36ab2b5bc2f78a3",
        "type": "github"
      },
      "original": {
        "owner": "mfussenegger",
        "repo": "nvim-dap",
        "type": "github"
      }
    },
    "vimplugin-nvim-dap-ui": {
      "flake": false,
      "locked": {
        "lastModified": 1641893328,
        "narHash": "sha256-SFpm2YWowfLIbg++HUseDM3iltIwc9egoBEaCmqF2Ds=",
        "owner": "rcarriga",
        "repo": "nvim-dap-ui",
        "rev": "ae3b003af6c6646832dfe704a1137fd9110ab064",
        "type": "github"
      },
      "original": {
        "owner": "rcarriga",
        "repo": "nvim-dap-ui",
        "type": "github"
      }
    },
    "vimplugin-nvim-hlslens": {
      "flake": false,
      "locked": {
        "lastModified": 1642171878,
        "narHash": "sha256-MfWeHnbtVJb/j8Ttok54AjUrlJk/yNNQgPekVEawwoQ=",
        "owner": "kevinhwang91",
        "repo": "nvim-hlslens",
        "rev": "da8afe575527af4c0b43c2ada8070814f79b143a",
        "type": "github"
      },
      "original": {
        "owner": "kevinhwang91",
        "repo": "nvim-hlslens",
        "type": "github"
      }
    },
    "vimplugin-nvim-lspconfig": {
      "flake": false,
      "locked": {
        "lastModified": 1643407102,
        "narHash": "sha256-2Z4wqycfRfgLe67rU/tYa+vGvZ3fKITRJPMg/8+W2A4=",
        "owner": "neovim",
        "repo": "nvim-lspconfig",
        "rev": "e7df7ecae0b0d2f997ea65e951ddbe98ca3e154b",
        "type": "github"
      },
      "original": {
        "owner": "neovim",
        "repo": "nvim-lspconfig",
        "type": "github"
      }
    },
    "vimplugin-nvim-notify": {
      "flake": false,
      "locked": {
        "lastModified": 1643665769,
        "narHash": "sha256-fGW87jNWO3j1r6cU8OKTb0ggPJQFJXPDDAGAg4ZTdyY=",
        "owner": "rcarriga",
        "repo": "nvim-notify",
        "rev": "83ebb5971eaecc0b2c70fb4ed540e87cbf50af6a",
        "type": "github"
      },
      "original": {
        "owner": "rcarriga",
        "repo": "nvim-notify",
        "type": "github"
      }
    },
    "vimplugin-nvim-scrollbar": {
      "flake": false,
      "locked": {
        "lastModified": 1642066498,
        "narHash": "sha256-HbnnDkii1zZSL0hSA+bY+fBkg+AfX85bKkt8/4J606c=",
        "owner": "petertriho",
        "repo": "nvim-scrollbar",
        "rev": "5bd809f0b241bed7c30bc5e6d18a2a4f2a2d1a7a",
        "type": "github"
      },
      "original": {
        "owner": "petertriho",
        "repo": "nvim-scrollbar",
        "type": "github"
      }
    },
    "vimplugin-nvim-tree": {
      "flake": false,
      "locked": {
        "lastModified": 1643703429,
        "narHash": "sha256-8cFFyXfwyJDbmzaw0o7EYz2JveY7qmyDjuq0Pxy1PHE=",
        "owner": "kyazdani42",
        "repo": "nvim-tree.lua",
        "rev": "99d65afd6ef05cc57f835451126e5c44db03cef1",
        "type": "github"
      },
      "original": {
        "owner": "kyazdani42",
        "repo": "nvim-tree.lua",
        "type": "github"
      }
    },
    "vimplugin-nvim-treesitter": {
      "flake": false,
      "locked": {
        "lastModified": 1643734509,
        "narHash": "sha256-bIxeqWzM0WohLWIwyt9qb5/bjmbZTNeyFJMTDDxepAA=",
        "owner": "nvim-treesitter",
        "repo": "nvim-treesitter",
        "rev": "647c55cb6f0bc6c81968ba9581d470455efe1548",
        "type": "github"
      },
      "original": {
        "owner": "nvim-treesitter",
        "repo": "nvim-treesitter",
        "type": "github"
      }
    },
    "vimplugin-nvim-treesitter-context": {
      "flake": false,
      "locked": {
        "lastModified": 1642022511,
        "narHash": "sha256-OHDdl5PdTQ/M2sOrZ5C4JUG9FcAy0cTtWu56qyPbe4Q=",
        "owner": "romgrk",
        "repo": "nvim-treesitter-context",
        "rev": "b7d7aba81683c1cd76141e090ff335bb55332cba",
        "type": "github"
      },
      "original": {
        "owner": "romgrk",
        "repo": "nvim-treesitter-context",
        "type": "github"
      }
    },
    "vimplugin-nvim-ts-rainbow": {
      "flake": false,
      "locked": {
        "lastModified": 1643561567,
        "narHash": "sha256-Qv4gckxWlJkaSCgV5K8yNlRtZuYuXKkY1iA7yG8KELM=",
        "owner": "p00f",
        "repo": "nvim-ts-rainbow",
        "rev": "ac5032edc1d3e9216d081d130a14d4fcaf6cd3b3",
        "type": "github"
      },
      "original": {
        "owner": "p00f",
        "repo": "nvim-ts-rainbow",
        "type": "github"
      }
    },
    "vimplugin-nvim-web-devicons": {
      "flake": false,
      "locked": {
        "lastModified": 1643703290,
        "narHash": "sha256-hJYLJIIs2TqWL/hJzFQmEfLD5Y3UbVKkEVG1F9ckRPU=",
        "owner": "kyazdani42",
        "repo": "nvim-web-devicons",
        "rev": "2f8439282575ce75784fb22d528dec7fd2e31a2e",
        "type": "github"
      },
      "original": {
        "owner": "kyazdani42",
        "repo": "nvim-web-devicons",
        "type": "github"
      }
    },
    "vimplugin-plenary-nvim": {
      "flake": false,
      "locked": {
        "lastModified": 1643657697,
        "narHash": "sha256-kN5EjWPb6rRIJ4G+FBuwEyfIqpuxdaEgRCaGM/fE0fk=",
        "owner": "nvim-lua",
        "repo": "plenary.nvim",
        "rev": "e86dc9b11241ff69ece50c15a5cdd49d20d4c27c",
        "type": "github"
      },
      "original": {
        "owner": "nvim-lua",
        "repo": "plenary.nvim",
        "type": "github"
      }
    },
    "vimplugin-popup-nvim": {
      "flake": false,
      "locked": {
        "lastModified": 1637254091,
        "narHash": "sha256-dNWz/xovUg55fDZUpVs/2kLphk3lqQyvPtc9ATwbeSQ=",
        "owner": "nvim-lua",
        "repo": "popup.nvim",
        "rev": "b7404d35d5d3548a82149238289fa71f7f6de4ac",
        "type": "github"
      },
      "original": {
        "owner": "nvim-lua",
        "repo": "popup.nvim",
        "type": "github"
      }
    },
    "vimplugin-rust-tools": {
      "flake": false,
      "locked": {
        "lastModified": 1642993162,
        "narHash": "sha256-ZlGPTDTiygtpTZAjBcPGzkycn+SMzkkiqEXeB0qIb0g=",
        "owner": "simrat39",
        "repo": "rust-tools.nvim",
        "rev": "876089969aa8ccf8784039f7d6e6b4cab6d4a2b1",
        "type": "github"
      },
      "original": {
        "owner": "simrat39",
        "repo": "rust-tools.nvim",
        "type": "github"
      }
    },
    "vimplugin-telescope-dap-nvim": {
      "flake": false,
      "locked": {
        "lastModified": 1616786019,
        "narHash": "sha256-aGiBknPDjYL4Vlp0DKbJpsKiEaA5dzgg87FQvgThl7k=",
        "owner": "nvim-telescope",
        "repo": "telescope-dap.nvim",
        "rev": "b4134fff5cbaf3b876e6011212ed60646e56f060",
        "type": "github"
      },
      "original": {
        "owner": "nvim-telescope",
        "repo": "telescope-dap.nvim",
        "type": "github"
      }
    },
    "vimplugin-telescope-fzf-nvim": {
      "flake": false,
      "locked": {
        "lastModified": 1637772424,
        "narHash": "sha256-gd/nNgMhvHdJWOlHMdYxY8Hi8Qo4F66TjKSewNKNR3I=",
        "owner": "nvim-telescope",
        "repo": "telescope-fzf-native.nvim",
        "rev": "b8662b076175e75e6497c59f3e2799b879d7b954",
        "type": "github"
      },
      "original": {
        "owner": "nvim-telescope",
        "repo": "telescope-fzf-native.nvim",
        "type": "github"
      }
    },
    "vimplugin-telescope-ghq": {
      "flake": false,
      "locked": {
        "lastModified": 1638784863,
        "narHash": "sha256-Uct+2jg9qZD7V3eSnICLNu2jpaQLc3ugW8qunPiAynM=",
        "owner": "nvim-telescope",
        "repo": "telescope-ghq.nvim",
        "rev": "dc1022f91100ca06c9c7bd645f08e2bf985ad283",
        "type": "github"
      },
      "original": {
        "owner": "nvim-telescope",
        "repo": "telescope-ghq.nvim",
        "type": "github"
      }
    },
    "vimplugin-telescope-lsp-handlers": {
      "flake": false,
      "locked": {
        "lastModified": 1631051048,
        "narHash": "sha256-y3Sx/kiEs1uERjuP2uUQJCScCEgIao0lq5wNFiStofQ=",
        "owner": "gbrlsnchs",
        "repo": "telescope-lsp-handlers.nvim",
        "rev": "d6d5983b0131ee2c386ca9e349f6621e12d971cb",
        "type": "github"
      },
      "original": {
        "owner": "gbrlsnchs",
        "repo": "telescope-lsp-handlers.nvim",
        "type": "github"
      }
    },
    "vimplugin-telescope-nvim": {
      "flake": false,
      "locked": {
        "lastModified": 1643657693,
        "narHash": "sha256-u7p3I9XX2DFpqjDfJm2IELl9ooQDIWZt/SS0mwEPIz4=",
        "owner": "nvim-telescope",
        "repo": "telescope.nvim",
        "rev": "f262e7d56d37625613c5de0df5a933cccacf13c5",
        "type": "github"
      },
      "original": {
        "owner": "nvim-telescope",
        "repo": "telescope.nvim",
        "type": "github"
      }
    },
    "vimplugin-telescope-zoxide": {
      "flake": false,
      "locked": {
        "lastModified": 1634807614,
        "narHash": "sha256-NAv3yXsG2pJV8OHzc7myZ/4tKg37+u/eOBCLDwGApzY=",
        "owner": "jvgrootveld",
        "repo": "telescope-zoxide",
        "rev": "b51b7f4ba0e2a08bc764fb2ee39e0bc68eec79b5",
        "type": "github"
      },
      "original": {
        "owner": "jvgrootveld",
        "repo": "telescope-zoxide",
        "type": "github"
      }
    },
    "vimplugin-trouble-nvim": {
      "flake": false,
      "locked": {
        "lastModified": 1640940059,
        "narHash": "sha256-t6zNugUO75TxOs4T83H8Slr04m3Dv113p/M/4XPg4QE=",
        "owner": "folke",
        "repo": "trouble.nvim",
        "rev": "20469be985143d024c460d95326ebeff9971d714",
        "type": "github"
      },
      "original": {
        "owner": "folke",
        "repo": "trouble.nvim",
        "type": "github"
      }
    },
    "vimplugin-vim-vsnip": {
      "flake": false,
      "locked": {
        "lastModified": 1641477687,
        "narHash": "sha256-wCCZV2Z1C2Gad2gH+/Dsc/bsJai7jEtcY90JJeZNF7g=",
        "owner": "hrsh7th",
        "repo": "vim-vsnip",
        "rev": "7fde9c0b6878a62bcc6d2d29f9a85a6616032f02",
        "type": "github"
      },
      "original": {
        "owner": "hrsh7th",
        "repo": "vim-vsnip",
        "type": "github"
      }
    },
    "vimplugin-vim-vsnip-integ": {
      "flake": false,
      "locked": {
        "lastModified": 1641974134,
        "narHash": "sha256-mDQwyCj3D1jDZMiFCvYw70ItQVMyJbORw3abY+sOnUY=",
        "owner": "hrsh7th",
        "repo": "vim-vsnip-integ",
        "rev": "5541e4ac18c732700c4310c86384bea19644d4a7",
        "type": "github"
      },
      "original": {
        "owner": "hrsh7th",
        "repo": "vim-vsnip-integ",
        "type": "github"
      }
    },
    "vimplugin-which-key-nvim": {
      "flake": false,
      "locked": {
        "lastModified": 1642619077,
        "narHash": "sha256-bz41c/zenRVVIkwtHHIi8wF/LZn2JEkFc6tkPv/BYY4=",
        "owner": "folke",
        "repo": "which-key.nvim",
        "rev": "28d2bd129575b5e9ebddd88506601290bb2bb221",
        "type": "github"
      },
      "original": {
        "owner": "folke",
        "repo": "which-key.nvim",
        "type": "github"
      }
    }
  },
  "root": "root",
  "version": 7
}
