{
  "nodes": {
    "flake-utils": {
      "locked": {
        "lastModified": 1629481132,
        "narHash": "sha256-JHgasjPR0/J1J3DRm4KxM4zTyAj4IOJY8vIl75v/kPI=",
        "owner": "numtide",
        "repo": "flake-utils",
        "rev": "997f7efcb746a9c140ce1f13c72263189225f482",
        "type": "github"
      },
      "original": {
        "owner": "numtide",
        "repo": "flake-utils",
        "type": "github"
      }
    },
    "neovim-flake": {
      "inputs": {
        "flake-utils": "flake-utils",
        "nixpkgs": [
          "nixpkgs"
        ]
      },
      "locked": {
        "dir": "contrib",
        "lastModified": 1643415762,
        "narHash": "sha256-qyk81eVlmm2U7apLHZlggoj1v9MIKX1YWWaALPKPNFc=",
        "owner": "neovim",
        "repo": "neovim",
        "rev": "082ff2190c793d21c213748e556191f8aaa76cde",
        "type": "github"
      },
      "original": {
        "dir": "contrib",
        "owner": "neovim",
        "repo": "neovim",
        "type": "github"
      }
    },
    "nixpkgs": {
      "locked": {
        "lastModified": 1643409708,
        "narHash": "sha256-fpeOKE3BNSbzhRFO1ifoalhNZMChb3JxuXzjiKYAvsk=",
        "owner": "NixOS",
        "repo": "nixpkgs",
        "rev": "7b2f9d4732d36d305d515f20c5caf7fe1961df80",
        "type": "github"
      },
      "original": {
        "owner": "NixOS",
        "repo": "nixpkgs",
        "type": "github"
      }
    },
    "nixpkgs_2": {
      "locked": {
        "lastModified": 1643062291,
        "narHash": "sha256-YcUOdVXC4TbZPPMOUS5aQtamFaWMrtHoGBqbcEN/+1w=",
        "owner": "NixOS",
        "repo": "nixpkgs",
        "rev": "5c3829a8b11f5104ffb7f819f5f23ce8c1cd19d3",
        "type": "github"
      },
      "original": {
        "owner": "NixOS",
        "repo": "nixpkgs",
        "type": "github"
      }
    },
    "root": {
      "inputs": {
        "neovim-flake": "neovim-flake",
        "nixpkgs": "nixpkgs",
        "utils": "utils",
        "vimplugin-bufferline": "vimplugin-bufferline",
        "vimplugin-clever-f": "vimplugin-clever-f",
        "vimplugin-cmp-buffer": "vimplugin-cmp-buffer",
        "vimplugin-cmp-nvim-lsp": "vimplugin-cmp-nvim-lsp",
        "vimplugin-cmp_luasnip": "vimplugin-cmp_luasnip",
        "vimplugin-crates-nvim": "vimplugin-crates-nvim",
        "vimplugin-direnv-vim": "vimplugin-direnv-vim",
        "vimplugin-fterm": "vimplugin-fterm",
        "vimplugin-fzf-vim": "vimplugin-fzf-vim",
        "vimplugin-gitsigns-nvim": "vimplugin-gitsigns-nvim",
        "vimplugin-indent-blankline": "vimplugin-indent-blankline",
        "vimplugin-lightspeed-nvim": "vimplugin-lightspeed-nvim",
        "vimplugin-lsp-colors-nvim": "vimplugin-lsp-colors-nvim",
        "vimplugin-lualine": "vimplugin-lualine",
        "vimplugin-luasnip": "vimplugin-luasnip",
        "vimplugin-neorg": "vimplugin-neorg",
        "vimplugin-nerdcommenter": "vimplugin-nerdcommenter",
        "vimplugin-nvim-cmp": "vimplugin-nvim-cmp",
        "vimplugin-nvim-colorizer": "vimplugin-nvim-colorizer",
        "vimplugin-nvim-dap": "vimplugin-nvim-dap",
        "vimplugin-nvim-dap-ui": "vimplugin-nvim-dap-ui",
        "vimplugin-nvim-hlslens": "vimplugin-nvim-hlslens",
        "vimplugin-nvim-lspconfig": "vimplugin-nvim-lspconfig",
        "vimplugin-nvim-notify": "vimplugin-nvim-notify",
        "vimplugin-nvim-treesitter": "vimplugin-nvim-treesitter",
        "vimplugin-nvim-treesitter-context": "vimplugin-nvim-treesitter-context",
        "vimplugin-nvim-ts-rainbow": "vimplugin-nvim-ts-rainbow",
        "vimplugin-nvim-web-devicons": "vimplugin-nvim-web-devicons",
        "vimplugin-plenary-nvim": "vimplugin-plenary-nvim",
        "vimplugin-popup-nvim": "vimplugin-popup-nvim",
        "vimplugin-rust-tools": "vimplugin-rust-tools",
        "vimplugin-telescope-dap-nvim": "vimplugin-telescope-dap-nvim",
        "vimplugin-telescope-fzf-nvim": "vimplugin-telescope-fzf-nvim",
        "vimplugin-telescope-ghq": "vimplugin-telescope-ghq",
        "vimplugin-telescope-lsp-handlers": "vimplugin-telescope-lsp-handlers",
        "vimplugin-telescope-nvim": "vimplugin-telescope-nvim",
        "vimplugin-telescope-zoxide": "vimplugin-telescope-zoxide",
        "vimplugin-trouble-nvim": "vimplugin-trouble-nvim",
        "vimplugin-vim-vsnip": "vimplugin-vim-vsnip",
        "vimplugin-vim-vsnip-integ": "vimplugin-vim-vsnip-integ",
        "vimplugin-which-key-nvim": "vimplugin-which-key-nvim"
      }
    },
    "utils": {
      "inputs": {
        "nixpkgs": "nixpkgs_2"
      },
      "locked": {
        "narHash": "sha256-faFePg1pXpssF5m88aV5/c6o8Tx1fUfX4X/Q1vMhuXw=",
        "path": "../../utils-flake",
        "type": "path"
      },
      "original": {
        "path": "../../utils-flake",
        "type": "path"
      }
    },
    "vimplugin-bufferline": {
      "flake": false,
      "locked": {
        "lastModified": 1642342787,
        "narHash": "sha256-SMnRtdmqOJdR+7/TFylBxLwmUG3ftjyEOW/QaDrhHHA=",
        "owner": "akinsho",
        "repo": "bufferline.nvim",
        "rev": "7451dfc97d28e6783dbeb1cdcff12619a9323c98",
        "type": "github"
      },
      "original": {
        "owner": "akinsho",
        "repo": "bufferline.nvim",
        "type": "github"
      }
    },
    "vimplugin-clever-f": {
      "flake": false,
      "locked": {
        "lastModified": 1625658399,
        "narHash": "sha256-1iqRUdIECvPMez7AxieLAQB+rI2YOen89zdNs3dob5g=",
        "owner": "rhysd",
        "repo": "clever-f.vim",
        "rev": "fd370f27cca93918184a8043220cef1aa440a1fd",
        "type": "github"
      },
      "original": {
        "owner": "rhysd",
        "repo": "clever-f.vim",
        "type": "github"
      }
    },
    "vimplugin-cmp-buffer": {
      "flake": false,
      "locked": {
        "lastModified": 1641254550,
        "narHash": "sha256-LXNckOkSqRMFWJhBaPUm8el0SgTS2XPvg3N8CEwHLHw=",
        "owner": "hrsh7th",
        "repo": "cmp-buffer",
        "rev": "f83773e2f433a923997c5faad7ea689ec24d1785",
        "type": "github"
      },
      "original": {
        "owner": "hrsh7th",
        "repo": "cmp-buffer",
        "type": "github"
      }
    },
    "vimplugin-cmp-nvim-lsp": {
      "flake": false,
      "locked": {
        "lastModified": 1642242623,
        "narHash": "sha256-itlKrCBo8wMNBCknW+7INOyVmwbcwmkGLzpc2lvvqk4=",
        "owner": "hrsh7th",
        "repo": "cmp-nvim-lsp",
        "rev": "ebdfc204afb87f15ce3d3d3f5df0b8181443b5ba",
        "type": "github"
      },
      "original": {
        "owner": "hrsh7th",
        "repo": "cmp-nvim-lsp",
        "type": "github"
      }
    },
    "vimplugin-cmp_luasnip": {
      "flake": false,
      "locked": {
        "lastModified": 1641154010,
        "narHash": "sha256-vkDOW0882wG22z1s4npjGPUJyHd5boW8KWDIoy+WrjI=",
        "owner": "saadparwaiz1",
        "repo": "cmp_luasnip",
        "rev": "d6f837f4e8fe48eeae288e638691b91b97d1737f",
        "type": "github"
      },
      "original": {
        "owner": "saadparwaiz1",
        "repo": "cmp_luasnip",
        "type": "github"
      }
    },
    "vimplugin-crates-nvim": {
      "flake": false,
      "locked": {
        "lastModified": 1642550634,
        "narHash": "sha256-xq0EPyakZrd1NVD5c9Bwg4g0PDJuv389mRE5sZ+y9es=",
        "owner": "saecki",
        "repo": "crates.nvim",
        "rev": "edf3b7aafa334d72b80d502dcca55b36a5b5ba79",
        "type": "github"
      },
      "original": {
        "owner": "saecki",
        "repo": "crates.nvim",
        "type": "github"
      }
    },
    "vimplugin-direnv-vim": {
      "flake": false,
      "locked": {
        "lastModified": 1605876688,
        "narHash": "sha256-U/HEQ/hKUxDjnv8mvi62/RtU8TNZzmy8J9SYJrtC34w=",
        "owner": "direnv",
        "repo": "direnv.vim",
        "rev": "ff37d76da391e1ef299d2f5eb84006cb27a67799",
        "type": "github"
      },
      "original": {
        "owner": "direnv",
        "repo": "direnv.vim",
        "type": "github"
      }
    },
    "vimplugin-fterm": {
      "flake": false,
      "locked": {
        "lastModified": 1641276048,
        "narHash": "sha256-xoah6q7GKXyt8UhwuhDL8MVpC0ln1e2L1J6gEhOkYS4=",
        "owner": "numtostr",
        "repo": "FTerm.nvim",
        "rev": "eabb65f23ba48ec9e8abb9a2514f99b77b3bc6f2",
        "type": "github"
      },
      "original": {
        "owner": "numtostr",
        "repo": "FTerm.nvim",
        "type": "github"
      }
    },
    "vimplugin-fzf-vim": {
      "flake": false,
      "locked": {
        "lastModified": 1643014970,
        "narHash": "sha256-L+PK/6AbVyzDaazA2P0JSp6HRIPjAXQvLFLsImpJBmk=",
        "owner": "junegunn",
        "repo": "fzf.vim",
        "rev": "91332acb1c48e7080539c5b5cd131816341c738c",
        "type": "github"
      },
      "original": {
        "owner": "junegunn",
        "repo": "fzf.vim",
        "type": "github"
      }
    },
    "vimplugin-gitsigns-nvim": {
      "flake": false,
      "locked": {
        "lastModified": 1643220138,
        "narHash": "sha256-W90CQQcQwvgCVlOPCI7Kz1yXgjyQwgmFWGKa/Z4tIHA=",
        "owner": "lewis6991",
        "repo": "gitsigns.nvim",
        "rev": "4a2d30f5fb77750c7a42be9bb58a9cc2c6c7f31d",
        "type": "github"
      },
      "original": {
        "owner": "lewis6991",
        "repo": "gitsigns.nvim",
        "type": "github"
      }
    },
    "vimplugin-indent-blankline": {
      "flake": false,
      "locked": {
        "lastModified": 1642829036,
        "narHash": "sha256-ik7GDbctby+fzk+TX2A3NQNN7zq2smOxDcEeWsc88sE=",
        "owner": "lukas-reineke",
        "repo": "indent-blankline.nvim",
        "rev": "2e35f7dcdc72f39b37c21e43cdb538d7a41c7e07",
        "type": "github"
      },
      "original": {
        "owner": "lukas-reineke",
        "repo": "indent-blankline.nvim",
        "type": "github"
      }
    },
    "vimplugin-lightspeed-nvim": {
      "flake": false,
      "locked": {
        "lastModified": 1642759200,
        "narHash": "sha256-/F8qoCZymeOJKUD57XZzpYVKOYDOWxcnr9m/6uTYQwc=",
        "owner": "ggandor",
        "repo": "lightspeed.nvim",
        "rev": "428051b2e5212cea914510eb9eb979ec06d5b2e1",
        "type": "github"
      },
      "original": {
        "owner": "ggandor",
        "repo": "lightspeed.nvim",
        "type": "github"
      }
    },
    "vimplugin-lsp-colors-nvim": {
      "flake": false,
      "locked": {
        "lastModified": 1634899382,
        "narHash": "sha256-vXX9/5hulIlDwE9ISZlTMxxrl+Jjyquagv5+AHmEA5c=",
        "owner": "folke",
        "repo": "lsp-colors.nvim",
        "rev": "517fe3ab6b63f9907b093bc9443ef06b56f804f3",
        "type": "github"
      },
      "original": {
        "owner": "folke",
        "repo": "lsp-colors.nvim",
        "type": "github"
      }
    },
    "vimplugin-lualine": {
      "flake": false,
      "locked": {
        "lastModified": 1643042185,
        "narHash": "sha256-XNnlSVVt8HswN2PLaMhHIOQ9I9LMaPwkEqGlQ8eb5Lc=",
        "owner": "hoob3rt",
        "repo": "lualine.nvim",
        "rev": "9208bae98fd5d1ab6145868a8c48bfee53c1a499",
        "type": "github"
      },
      "original": {
        "owner": "hoob3rt",
        "repo": "lualine.nvim",
        "type": "github"
      }
    },
    "vimplugin-luasnip": {
      "flake": false,
      "locked": {
        "lastModified": 1643400059,
        "narHash": "sha256-PCp+akGP2zzHd1eQBidEbSrz8Jbib5muuYp4qLTs3iw=",
        "owner": "l3mon4d3",
        "repo": "luasnip",
        "rev": "35322c97b041542f95c85e87a8215892ea4137d5",
        "type": "github"
      },
      "original": {
        "owner": "l3mon4d3",
        "repo": "luasnip",
        "type": "github"
      }
    },
    "vimplugin-neorg": {
      "flake": false,
      "locked": {
        "lastModified": 1643400240,
        "narHash": "sha256-x4+3ffX7pqWTooFiHBnBByU0BJUi14NyG3qjKOQu/IQ=",
        "owner": "nvim-neorg",
        "repo": "neorg",
        "rev": "d0fbbe522b492a510dd9878a26421527e5e5ebd8",
        "type": "github"
      },
      "original": {
        "owner": "nvim-neorg",
        "repo": "neorg",
        "type": "github"
      }
    },
    "vimplugin-nerdcommenter": {
      "flake": false,
      "locked": {
        "lastModified": 1642270433,
        "narHash": "sha256-SwI3/vQhSVMJS09yKooq7TBfEmms/9fkYR/HS7AVChA=",
        "owner": "preservim",
        "repo": "nerdcommenter",
        "rev": "f9c5f0fbda3be77dce5bb4b06b49d9f11b3b6c20",
        "type": "github"
      },
      "original": {
        "owner": "preservim",
        "repo": "nerdcommenter",
        "type": "github"
      }
    },
    "vimplugin-nvim-cmp": {
      "flake": false,
      "locked": {
        "lastModified": 1643095641,
        "narHash": "sha256-wF1LDVSozWZOGL9J01/rRVdx2JsTpaaKHxMufG+pxL4=",
        "owner": "hrsh7th",
        "repo": "nvim-cmp",
        "rev": "d93104244c3834fbd8f3dd01da9729920e0b5fe7",
        "type": "github"
      },
      "original": {
        "owner": "hrsh7th",
        "repo": "nvim-cmp",
        "type": "github"
      }
    },
    "vimplugin-nvim-colorizer": {
      "flake": false,
      "locked": {
        "lastModified": 1591879145,
        "narHash": "sha256-6YrnItxExL2C8pNIdLd+hXCjsB2MbZANwWkah6dreD8=",
        "owner": "norcalli",
        "repo": "nvim-colorizer.lua",
        "rev": "36c610a9717cc9ec426a07c8e6bf3b3abcb139d6",
        "type": "github"
      },
      "original": {
        "owner": "norcalli",
        "repo": "nvim-colorizer.lua",
        "type": "github"
      }
    },
    "vimplugin-nvim-dap": {
      "flake": false,
      "locked": {
        "lastModified": 1642855401,
        "narHash": "sha256-jrv1tTgHr/+W2RI19JRN8vS7VbptaDC7Z6XmX3Yr6mk=",
        "owner": "mfussenegger",
        "repo": "nvim-dap",
        "rev": "c9a58267524f560112ecb6faa36ab2b5bc2f78a3",
        "type": "github"
      },
      "original": {
        "owner": "mfussenegger",
        "repo": "nvim-dap",
        "type": "github"
      }
    },
    "vimplugin-nvim-dap-ui": {
      "flake": false,
      "locked": {
        "lastModified": 1641893328,
        "narHash": "sha256-SFpm2YWowfLIbg++HUseDM3iltIwc9egoBEaCmqF2Ds=",
        "owner": "rcarriga",
        "repo": "nvim-dap-ui",
        "rev": "ae3b003af6c6646832dfe704a1137fd9110ab064",
        "type": "github"
      },
      "original": {
        "owner": "rcarriga",
        "repo": "nvim-dap-ui",
        "type": "github"
      }
    },
    "vimplugin-nvim-hlslens": {
      "flake": false,
      "locked": {
        "lastModified": 1642171878,
        "narHash": "sha256-MfWeHnbtVJb/j8Ttok54AjUrlJk/yNNQgPekVEawwoQ=",
        "owner": "kevinhwang91",
        "repo": "nvim-hlslens",
        "rev": "da8afe575527af4c0b43c2ada8070814f79b143a",
        "type": "github"
      },
      "original": {
        "owner": "kevinhwang91",
        "repo": "nvim-hlslens",
        "type": "github"
      }
    },
    "vimplugin-nvim-lspconfig": {
      "flake": false,
      "locked": {
        "lastModified": 1643407102,
        "narHash": "sha256-2Z4wqycfRfgLe67rU/tYa+vGvZ3fKITRJPMg/8+W2A4=",
        "owner": "neovim",
        "repo": "nvim-lspconfig",
        "rev": "e7df7ecae0b0d2f997ea65e951ddbe98ca3e154b",
        "type": "github"
      },
      "original": {
        "owner": "neovim",
        "repo": "nvim-lspconfig",
        "type": "github"
      }
    },
    "vimplugin-nvim-notify": {
      "flake": false,
      "locked": {
        "lastModified": 1640886528,
        "narHash": "sha256-UD4rR9R/gUbMzXZ5AAfj5TmoUoF7wjpqJYWZX9dkrcc=",
        "owner": "rcarriga",
        "repo": "nvim-notify",
        "rev": "15f52efacd169ea26b0f4070451d3ea53f98cd5a",
        "type": "github"
      },
      "original": {
        "owner": "rcarriga",
        "repo": "nvim-notify",
        "type": "github"
      }
    },
    "vimplugin-nvim-treesitter": {
      "flake": false,
      "locked": {
        "lastModified": 1643397445,
        "narHash": "sha256-VwwKIQgUEfKGOtPylxuPn3m/XsCyNbf+fpaeMp5psjY=",
        "owner": "nvim-treesitter",
        "repo": "nvim-treesitter",
        "rev": "d91d94aa9f55631855efb46a2b4a459a4a1439a0",
        "type": "github"
      },
      "original": {
        "owner": "nvim-treesitter",
        "repo": "nvim-treesitter",
        "type": "github"
      }
    },
    "vimplugin-nvim-treesitter-context": {
      "flake": false,
      "locked": {
        "lastModified": 1642022511,
        "narHash": "sha256-OHDdl5PdTQ/M2sOrZ5C4JUG9FcAy0cTtWu56qyPbe4Q=",
        "owner": "romgrk",
        "repo": "nvim-treesitter-context",
        "rev": "b7d7aba81683c1cd76141e090ff335bb55332cba",
        "type": "github"
      },
      "original": {
        "owner": "romgrk",
        "repo": "nvim-treesitter-context",
        "type": "github"
      }
    },
    "vimplugin-nvim-ts-rainbow": {
      "flake": false,
      "locked": {
        "lastModified": 1643372418,
        "narHash": "sha256-X/9X5vwzsSzsaTwy1eBEYtC9rXE7RGN3yMCIsN0qXhw=",
        "owner": "p00f",
        "repo": "nvim-ts-rainbow",
        "rev": "760d0c4d6b522560caa5dd29c7350601ac19c934",
        "type": "github"
      },
      "original": {
        "owner": "p00f",
        "repo": "nvim-ts-rainbow",
        "type": "github"
      }
    },
    "vimplugin-nvim-web-devicons": {
      "flake": false,
      "locked": {
        "lastModified": 1642530817,
        "narHash": "sha256-3zigwYJrw3gocsF2WqHMBS4cFkTyj78StiSP3o9S0N0=",
        "owner": "kyazdani42",
        "repo": "nvim-web-devicons",
        "rev": "634e26818f2bea9161b7efa76735746838971824",
        "type": "github"
      },
      "original": {
        "owner": "kyazdani42",
        "repo": "nvim-web-devicons",
        "type": "github"
      }
    },
    "vimplugin-plenary-nvim": {
      "flake": false,
      "locked": {
        "lastModified": 1643392767,
        "narHash": "sha256-Sg2aM4GPXwGbJYI4Bl9oksoXoZm+oYiciBBUSnazdGY=",
        "owner": "vkleen",
        "repo": "plenary.nvim",
        "rev": "3953998473a44be49c39c18420880a5a44c4ca94",
        "type": "github"
      },
      "original": {
        "owner": "vkleen",
        "repo": "plenary.nvim",
        "type": "github"
      }
    },
    "vimplugin-popup-nvim": {
      "flake": false,
      "locked": {
        "lastModified": 1637254091,
        "narHash": "sha256-dNWz/xovUg55fDZUpVs/2kLphk3lqQyvPtc9ATwbeSQ=",
        "owner": "nvim-lua",
        "repo": "popup.nvim",
        "rev": "b7404d35d5d3548a82149238289fa71f7f6de4ac",
        "type": "github"
      },
      "original": {
        "owner": "nvim-lua",
        "repo": "popup.nvim",
        "type": "github"
      }
    },
    "vimplugin-rust-tools": {
      "flake": false,
      "locked": {
        "lastModified": 1642993162,
        "narHash": "sha256-ZlGPTDTiygtpTZAjBcPGzkycn+SMzkkiqEXeB0qIb0g=",
        "owner": "simrat39",
        "repo": "rust-tools.nvim",
        "rev": "876089969aa8ccf8784039f7d6e6b4cab6d4a2b1",
        "type": "github"
      },
      "original": {
        "owner": "simrat39",
        "repo": "rust-tools.nvim",
        "type": "github"
      }
    },
    "vimplugin-telescope-dap-nvim": {
      "flake": false,
      "locked": {
        "lastModified": 1616786019,
        "narHash": "sha256-aGiBknPDjYL4Vlp0DKbJpsKiEaA5dzgg87FQvgThl7k=",
        "owner": "nvim-telescope",
        "repo": "telescope-dap.nvim",
        "rev": "b4134fff5cbaf3b876e6011212ed60646e56f060",
        "type": "github"
      },
      "original": {
        "owner": "nvim-telescope",
        "repo": "telescope-dap.nvim",
        "type": "github"
      }
    },
    "vimplugin-telescope-fzf-nvim": {
      "flake": false,
      "locked": {
        "lastModified": 1637772424,
        "narHash": "sha256-gd/nNgMhvHdJWOlHMdYxY8Hi8Qo4F66TjKSewNKNR3I=",
        "owner": "nvim-telescope",
        "repo": "telescope-fzf-native.nvim",
        "rev": "b8662b076175e75e6497c59f3e2799b879d7b954",
        "type": "github"
      },
      "original": {
        "owner": "nvim-telescope",
        "repo": "telescope-fzf-native.nvim",
        "type": "github"
      }
    },
    "vimplugin-telescope-ghq": {
      "flake": false,
      "locked": {
        "lastModified": 1638784863,
        "narHash": "sha256-Uct+2jg9qZD7V3eSnICLNu2jpaQLc3ugW8qunPiAynM=",
        "owner": "nvim-telescope",
        "repo": "telescope-ghq.nvim",
        "rev": "dc1022f91100ca06c9c7bd645f08e2bf985ad283",
        "type": "github"
      },
      "original": {
        "owner": "nvim-telescope",
        "repo": "telescope-ghq.nvim",
        "type": "github"
      }
    },
    "vimplugin-telescope-lsp-handlers": {
      "flake": false,
      "locked": {
        "lastModified": 1631051048,
        "narHash": "sha256-y3Sx/kiEs1uERjuP2uUQJCScCEgIao0lq5wNFiStofQ=",
        "owner": "gbrlsnchs",
        "repo": "telescope-lsp-handlers.nvim",
        "rev": "d6d5983b0131ee2c386ca9e349f6621e12d971cb",
        "type": "github"
      },
      "original": {
        "owner": "gbrlsnchs",
        "repo": "telescope-lsp-handlers.nvim",
        "type": "github"
      }
    },
    "vimplugin-telescope-nvim": {
      "flake": false,
      "locked": {
        "lastModified": 1643384202,
        "narHash": "sha256-lDyeYKQBTEwYcot7/zO1vUGSg9dGAmkBZPUQL2Sf8YQ=",
        "owner": "nvim-telescope",
        "repo": "telescope.nvim",
        "rev": "3a3c9a3c8ba3fb14121ef5c50a87173dcb969416",
        "type": "github"
      },
      "original": {
        "owner": "nvim-telescope",
        "repo": "telescope.nvim",
        "type": "github"
      }
    },
    "vimplugin-telescope-zoxide": {
      "flake": false,
      "locked": {
        "lastModified": 1634807614,
        "narHash": "sha256-NAv3yXsG2pJV8OHzc7myZ/4tKg37+u/eOBCLDwGApzY=",
        "owner": "jvgrootveld",
        "repo": "telescope-zoxide",
        "rev": "b51b7f4ba0e2a08bc764fb2ee39e0bc68eec79b5",
        "type": "github"
      },
      "original": {
        "owner": "jvgrootveld",
        "repo": "telescope-zoxide",
        "type": "github"
      }
    },
    "vimplugin-trouble-nvim": {
      "flake": false,
      "locked": {
        "lastModified": 1640940059,
        "narHash": "sha256-t6zNugUO75TxOs4T83H8Slr04m3Dv113p/M/4XPg4QE=",
        "owner": "folke",
        "repo": "trouble.nvim",
        "rev": "20469be985143d024c460d95326ebeff9971d714",
        "type": "github"
      },
      "original": {
        "owner": "folke",
        "repo": "trouble.nvim",
        "type": "github"
      }
    },
    "vimplugin-vim-vsnip": {
      "flake": false,
      "locked": {
        "lastModified": 1641477687,
        "narHash": "sha256-wCCZV2Z1C2Gad2gH+/Dsc/bsJai7jEtcY90JJeZNF7g=",
        "owner": "hrsh7th",
        "repo": "vim-vsnip",
        "rev": "7fde9c0b6878a62bcc6d2d29f9a85a6616032f02",
        "type": "github"
      },
      "original": {
        "owner": "hrsh7th",
        "repo": "vim-vsnip",
        "type": "github"
      }
    },
    "vimplugin-vim-vsnip-integ": {
      "flake": false,
      "locked": {
        "lastModified": 1641974134,
        "narHash": "sha256-mDQwyCj3D1jDZMiFCvYw70ItQVMyJbORw3abY+sOnUY=",
        "owner": "hrsh7th",
        "repo": "vim-vsnip-integ",
        "rev": "5541e4ac18c732700c4310c86384bea19644d4a7",
        "type": "github"
      },
      "original": {
        "owner": "hrsh7th",
        "repo": "vim-vsnip-integ",
        "type": "github"
      }
    },
    "vimplugin-which-key-nvim": {
      "flake": false,
      "locked": {
        "lastModified": 1642619077,
        "narHash": "sha256-bz41c/zenRVVIkwtHHIi8wF/LZn2JEkFc6tkPv/BYY4=",
        "owner": "folke",
        "repo": "which-key.nvim",
        "rev": "28d2bd129575b5e9ebddd88506601290bb2bb221",
        "type": "github"
      },
      "original": {
        "owner": "folke",
        "repo": "which-key.nvim",
        "type": "github"
      }
    }
  },
  "root": "root",
  "version": 7
}
